<?xml version="1.0" encoding="UTF-8" standalone="yes" ?>
<CodeBlocks_project_file>
	<FileVersion major="1" minor="6" />
	<Project>
		<Option title="Luna-Engine" />
		<Option makefile="makefile" />
		<Option pch_mode="0" />
		<Option default_target="Linux Debug" />
		<Option compiler="gcc" />
		<Option virtualFolders="media/" />
		<Build>
			<Target title="Linux Debug MINIMAL">
				<Option output="./GAME/mLuna" prefix_auto="0" extension_auto="0" />
				<Option working_dir="GAME" />
				<Option object_output=".dmobjs" />
				<Option type="1" />
				<Option compiler="gcc" />
				<Option projectCompilerOptionsRelation="1" />
				<Option projectLinkerOptionsRelation="1" />
				<Option projectResourceIncludeDirsRelation="1" />
				<Compiler>
					<Add option="-fpermissive" />
					<Add option="-DMINIMAL" />
				</Compiler>
				<Linker>
					<Add library="openal" />
					<Add library="python2.7" />
					<Add library="pthread" />
					<Add library="Irrlicht" />
					<Add library="GL" />
					<Add library="z" />
					<Add library="dl" />
					<Add library="Xxf86vm" />
					<Add library="X11" />
				</Linker>
			</Target>
			<Target title="Linux Debug 2D">
				<Option output="./GAME/mLuna2d" prefix_auto="0" extension_auto="0" />
				<Option working_dir="GAME" />
				<Option object_output=".d2dmobjs" />
				<Option type="1" />
				<Option compiler="gcc" />
				<Option projectCompilerOptionsRelation="1" />
				<Option projectLinkerOptionsRelation="1" />
				<Option projectResourceIncludeDirsRelation="1" />
				<Compiler>
					<Add option="-fpermissive" />
					<Add option="-DMINIMAL" />
					<Add option="-DMINIMAL2" />
					<Add directory="../Box2D/Box2D/Box2D" />
					<Add directory="../Box2D/Box2D/" />
				</Compiler>
				<Linker>
					<Add library="Irrlicht" />
					<Add library="dl" />
					<Add library="z" />
					<Add library="pthread" />
					<Add library="python2.7" />
					<Add library="X11" />
					<Add library="Xxf86vm" />
					<Add library="GL" />
					<Add directory="../Box2D/Box2D/Box2D/bin/Release" />
				</Linker>
			</Target>
			<Target title="Linux Debug 2D Sound">
				<Option output="./GAME/mLuna2d" prefix_auto="0" extension_auto="0" />
				<Option working_dir="GAME" />
				<Option object_output=".d2dmobjs" />
				<Option type="1" />
				<Option compiler="gcc" />
				<Option projectCompilerOptionsRelation="1" />
				<Option projectLinkerOptionsRelation="1" />
				<Option projectResourceIncludeDirsRelation="1" />
				<Compiler>
					<Add option="-fpermissive" />
					<Add option="-DMINIMAL" />
					<Add option="-DMINIMAL2" />
					<Add option="-DSOUND" />
					<Add directory="../Box2D/Box2D/Box2D" />
					<Add directory="../Box2D/Box2D/" />
				</Compiler>
				<Linker>
					<Add library="GL" />
					<Add library="openal" />
					<Add library="Xxf86vm" />
					<Add library="X11" />
					<Add library="python2.7" />
					<Add library="pthread" />
					<Add library="Irrlicht" />
					<Add library="SDL_sound" />
					<Add library="ogg" />
					<Add library="vorbis" />
					<Add library="vorbisfile" />
					<Add library="dl" />
					<Add library="SDL" />
					<Add library="cAudio" />
					<Add library="z" />
					<Add directory="../Box2D/Box2D/Box2D/bin/Release" />
				</Linker>
			</Target>
			<Target title="LinuxExtra">
				<Option output="./GAME/LunaE" prefix_auto="0" extension_auto="0" />
				<Option working_dir="GAME" />
				<Option object_output=".Emobjs" />
				<Option type="1" />
				<Option compiler="gcc" />
				<Option projectCompilerOptionsRelation="1" />
				<Option projectLinkerOptionsRelation="1" />
				<Option projectResourceIncludeDirsRelation="1" />
				<Compiler>
					<Add option="-fpermissive" />
					<Add option="-DMINIMAL" />
					<Add option="-DMINIMAL2" />
					<Add option="-DEXTRACOMPILE" />
					<Add directory="../Box2D/Box2D/Box2D" />
					<Add directory="../Box2D/Box2D/" />
				</Compiler>
				<Linker>
					<Add library="Irrlicht" />
					<Add library="dl" />
					<Add library="z" />
					<Add library="pthread" />
					<Add library="python2.7" />
					<Add library="X11" />
					<Add library="Xxf86vm" />
					<Add library="GL" />
					<Add library="IrrOpenSteer" />
					<Add directory="../Box2D/Box2D/Box2D/bin/Release" />
					<Add directory="../LunaLibs/SparkEngine/lib/Linux/static" />
				</Linker>
			</Target>
			<Target title="windows MINIMAL32">
				<Option platforms="Windows;" />
				<Option output="./GAME/mLuna.exe" prefix_auto="0" extension_auto="0" />
				<Option working_dir="GAME" />
				<Option object_output=".wdmobjs" />
				<Option type="1" />
				<Option compiler="gcc" />
				<Option projectLinkerOptionsRelation="1" />
				<Option projectResourceIncludeDirsRelation="1" />
				<Compiler>
					<Add option="-m32" />
					<Add option="-fpermissive" />
					<Add option="-DMINIMAL" />
					<Add option="-DWIN32" />
					<Add directory="E:/irrlicht-1.8.4/include" />
					<Add directory="C:/Program Files (x86)/CodeBlocks/MinGW/opt/include/python2.7" />
					<Add directory="C:/Program Files/CodeBlocks/MinGW/opt/include/python2.7d" />
				</Compiler>
				<Linker>
					<Add option="-m32" />
					<Add library="Irrlicht" />
					<Add library="python2.7" />
					<Add library="E:/openal-soft-1.21.1-bin/libs/Win32/libOpenAL32.dll.a" />
					<Add library="m" />
					<Add directory="E:/irrlicht-1.8.4/lib/Win32-gcc" />
					<Add directory="D:/openal-soft-1.21.1-bin/libs/Win32" />
					<Add directory="C:/Program Files (x86)/CodeBlocks/MinGW/opt/bin" />
				</Linker>
			</Target>
			<Target title="windows MINIMAL64">
				<Option platforms="Windows;Unix;" />
				<Option output="./GAME/mLuna.exe" prefix_auto="0" extension_auto="0" />
				<Option working_dir="GAME" />
				<Option object_output=".wd2mobjs" />
				<Option type="1" />
				<Option compiler="gcc" />
				<Option projectLinkerOptionsRelation="1" />
				<Option projectResourceIncludeDirsRelation="1" />
				<Compiler>
					<Add option="-m64" />
					<Add option="-fpermissive" />
					<Add option="-DMINIMAL" />
					<Add option="-DWIN32" />
					<Add directory="E:/irrlicht-1.8.4/include" />
					<Add directory="C:/Program Files/CodeBlocks/MinGW/opt/include/python2.7" />
					<Add directory="../LunaLibs/irrlicht-1.8.4/include" />
				</Compiler>
				<Linker>
					<Add option="-m64" />
					<Add library="Irrlicht" />
					<Add library="python2.7" />
					<Add library="m" />
					<Add library="z" />
					<Add directory="C:/Program Files/CodeBlocks/MinGW/opt/bin" />
					<Add directory="E:/irrlicht-1.8.4/lib/Win64-gcc" />
					<Add directory="D:/openal-soft-1.21.1-bin/libs/Win64" />
					<Add directory="C:/Program Files (x86)/OpenAL 1.1 SDK/libs/Win64" />
					<Add directory="../LunaLibs/irrlicht-1.8.4/lib/Win32-gcc" />
					<Add directory="../irrlicht-1.8.5/lib/Win32-gcc" />
					<Add directory="../mtar" />
					<Add directory="../lunaLibs/mtar" />
				</Linker>
			</Target>
			<Target title="windows MINIMAL64-withtar">
				<Option platforms="Windows;Unix;" />
				<Option output="./GAME/mLuna.exe" prefix_auto="0" extension_auto="0" />
				<Option working_dir="GAME" />
				<Option object_output=".wd2mobjs" />
				<Option type="1" />
				<Option compiler="gcc" />
				<Option projectLinkerOptionsRelation="1" />
				<Option projectResourceIncludeDirsRelation="1" />
				<Compiler>
					<Add option="-m64" />
					<Add option="-fpermissive" />
					<Add option="-DMINIMAL" />
					<Add option="-DWIN32" />
					<Add option="-DMTAR" />
					<Add directory="E:/irrlicht-1.8.4/include" />
					<Add directory="C:/Program Files/CodeBlocks/MinGW/opt/include/python2.7" />
					<Add directory="../LunaLibs/irrlicht-1.8.4/include" />
				</Compiler>
				<Linker>
					<Add option="-m64" />
					<Add library="Irrlicht" />
					<Add library="python2.7" />
					<Add library="m" />
					<Add library="z" />
					<Add library="mtar" />
					<Add directory="C:/Program Files/CodeBlocks/MinGW/opt/bin" />
					<Add directory="E:/irrlicht-1.8.4/lib/Win64-gcc" />
					<Add directory="D:/openal-soft-1.21.1-bin/libs/Win64" />
					<Add directory="C:/Program Files (x86)/OpenAL 1.1 SDK/libs/Win64" />
					<Add directory="../LunaLibs/irrlicht-1.8.4/lib/Win32-gcc" />
					<Add directory="../irrlicht-1.8.5/lib/Win32-gcc" />
					<Add directory="../mtar" />
					<Add directory="../lunaLibs/mtar" />
				</Linker>
			</Target>
			<Target title="emscripten-debug">
				<Option output="./GAME/Luna.html" prefix_auto="0" extension_auto="0" />
				<Option working_dir="GAME" />
				<Option object_output=".emdobjs" />
				<Option type="1" />
				<Option compiler="emscripten" />
				<Option use_console_runner="0" />
				<Option projectCompilerOptionsRelation="1" />
				<Option projectLinkerOptionsRelation="1" />
				<Option projectIncludeDirsRelation="1" />
				<Option projectResourceIncludeDirsRelation="1" />
				<Option projectLibDirsRelation="1" />
				<Compiler>
					<Add option="-D_IRR_STATIC_LIB_" />
					<Add option="-D_IRR_EMSCRIPTEN_PLATFORM_" />
					<Add option="-D__EMSCRIPTEN__" />
					<Add option="-DPYTHON" />
					<Add directory="../emscripten-projects/irrlicht-ogl-es-2019dec/include" />
					<Add directory="../emscripten-projects/net/irrNetLite22" />
					<Add directory="../emscripten-projects/media/freetype2.8/build" />
					<Add directory="../emscripten-projects/net/enet/include" />
					<Add directory="FileSystem/readblend" />
					<Add directory="../emscripten-projects/media/Ogg/include" />
					<Add directory="../emscripten-projects/media/Vorbis/include" />
					<Add directory="../emscripten-projects/media/theora/include" />
					<Add directory="../emscripten-projects/media/cAudio2/include" />
					<Add directory="../emscripten-projects/media/libtheoraplayer/include" />
					<Add directory="../emscripten-projects/scripting/EmCPython/Python-2.7/Include" />
					<Add directory="./entities/AI/recast/RecastDemo/Include" />
					<Add directory="./entities/AI/recast/DebugUtils/Include" />
					<Add directory="./entities/AI/recast/Recast/Include" />
					<Add directory="./entities/AI/recast/Detour/Include" />
					<Add directory="./entities/AI/recast/DetourCrowd/Include" />
					<Add directory="./entities/AI/recast/DetourTileCache/Include" />
					<Add directory="../emscripten-projects/AI/libIrrOpenSteer/include" />
					<Add directory="../emscripten-projects/media/assimp/include" />
					<Add directory="../emscripten-projects/media/fluidsynth-emscripten/include" />
					<Add directory="../emscripten-projects/sqlite/sqlite-amalgamation-3300100" />
					<Add directory="../emscripten-projects/physics/Bullet/bullet/src" />
					<Add directory="../emscripten-projects/compression/zlib-1.2.3" />
					<Add directory="../emscripten-projects/scripting/sqplus/sqplus" />
					<Add directory="../emscripten-projects/media/freetype2.8/include" />
					<Add directory="../emscripten-projects/scripting/EmCPython/Python-2.7/" />
					<Add directory="../emscripten-projects/media/fluidsynth-emscripten/" />
					<Add directory="../emscripten-projects/media/SparkEngine/include" />
					<Add directory="../emscripten-projects/PolyVox/library/PolyVoxCore/include" />
					<Add directory="../emscripten-projects/PolyVox/library/PolyVoxUtil/include" />
					<Add directory="../emscripten-projects/compression/libtar/build/include" />
					<Add directory="../emscripten-projects/media/SparkEngine/src" />
				</Compiler>
				<Linker>
					<Add option="-s ALLOW_MEMORY_GROWTH=1" />
					<Add option="--preload-file media/" />
					<Add option="-s FULL_ES2=1" />
					<Add option="-s DISABLE_EXCEPTION_CATCHING=0" />
					<Add option="-s NO_EXIT_RUNTIME=1" />
					<Add option="--shared-memory" />
					<Add library="GL" />
					<Add library="openal" />
					<Add library="dl" />
					<Add library="irrNetLite22" />
					<Add library="enet" />
					<Add library="python2.7" />
					<Add library="IrrOpenSteer" />
					<Add library="pthread" />
					<Add library="theora" />
					<Add library="theoraplayer" />
					<Add library="assimp" />
					<Add library="GLESv2" />
					<Add library="BulletSoftBody" />
					<Add library="BulletDynamics" />
					<Add library="BulletCollision" />
					<Add library="LinearMath" />
					<Add library="z" />
					<Add library="Irrlicht" />
					<Add library="freetype" />
					<Add library="fluidsynth" />
					<Add library="ogg" />
					<Add library="vorbis" />
					<Add library="vorbisfile" />
					<Add library="cAudio" />
					<Add directory="../emscripten-projects/media/freetype2.8/build" />
					<Add directory="../emscripten-projects/net/enet" />
					<Add directory="../emscripten-projects/irrlicht-ogl-es-2019dec/lib/Linux" />
					<Add directory="../LunaLibs/Compiled/Linux" />
					<Add directory="../emscripten-projects/media/theoraplayer/bin/Linux" />
					<Add directory="../emscripten-projects/net/irrNetLite22" />
					<Add directory="../emscripten-projects/AI/libIrrOpenSteer/lib" />
					<Add directory="./entities/AI/recast/DebugUtils/Include/" />
					<Add directory="../emscripten-projects/media/assimp/lib" />
					<Add directory="../emscripten-projects/media/cAudio2/bin/gcc" />
					<Add directory="../emscripten-projects/media/libtheoraplayer/src/.libs" />
					<Add directory="../emscripten-projects/media/fluidsynth-emscripten/src" />
					<Add directory="../emscripten-projects/sqlite/sqlite-amalgamation-3300100" />
					<Add directory="../emscripten-projects/scripting/EmCPython/Python-2.7/" />
					<Add directory="../emscripten-projects/physics/Bullet/bullet/src/BulletDynamics" />
					<Add directory="../emscripten-projects/physics/Bullet/bullet/src/BulletSoftBody" />
					<Add directory="../emscripten-projects/physics/Bullet/bullet/src/BulletCollision" />
					<Add directory="../emscripten-projects/physics/Bullet/bullet/src/LinearMath" />
					<Add directory="../EMLibs/Compiled/emscripten" />
					<Add directory="../emscripten-projects/media/Ogg" />
					<Add directory="../emscripten-projects/media/Vorbis" />
					<Add directory="../emscripten-projects/media/theora/" />
					<Add directory="../emscripten-projects/physics/Bullet/bullet/msvc/2008/lib/Release" />
					<Add directory="../emscripten-projects/PolyVox/library/PolyVoxCore" />
					<Add directory="../emscripten-projects/PolyVox/library/PolyVoxUtil" />
					<Add directory="../emscripten-projects/compression/zlib-1.2.3" />
					<Add directory="../emscripten-projects/scripting/sqplus/lib" />
					<Add directory="../emscripten-projects/media/SparkEngine/lib/emscripten/static" />
					<Add directory="../emscripten-projects/compression/libtar/build/include" />
				</Linker>
				<ExtraCommands>
					<Add before="./emclean.sh emscripten" />
				</ExtraCommands>
			</Target>
			<Target title="emscripten-projects">
				<Option output="./GAME/Luna.html" prefix_auto="0" extension_auto="0" />
				<Option working_dir="GAME" />
				<Option object_output=".emdobjs" />
				<Option type="1" />
				<Option compiler="emscripten" />
				<Option use_console_runner="0" />
				<Option projectCompilerOptionsRelation="1" />
				<Option projectLinkerOptionsRelation="1" />
				<Option projectIncludeDirsRelation="1" />
				<Option projectResourceIncludeDirsRelation="1" />
				<Option projectLibDirsRelation="1" />
				<Compiler>
					<Add option="-D_IRR_STATIC_LIB_" />
					<Add option="-D_IRR_EMSCRIPTEN_PLATFORM_" />
					<Add option="-D__EMSCRIPTEN__" />
					<Add option="-DPYTHON" />
					<Add option="-DNO_GLIB" />
					<Add directory="../emscripten-projects/irrlicht-ogl-es-2019dec/include" />
					<Add directory="../emscripten-projects/net/irrNetLite22" />
					<Add directory="../emscripten-projects/media/freetype2.8/build" />
					<Add directory="../emscripten-projects/net/enet/include" />
					<Add directory="FileSystem/readblend" />
					<Add directory="../emscripten-projects/media/Ogg/include" />
					<Add directory="../emscripten-projects/media/Vorbis/include" />
					<Add directory="../emscripten-projects/media/theora/include" />
					<Add directory="../emscripten-projects/media/cAudio2/include" />
					<Add directory="../emscripten-projects/media/libtheoraplayer/include" />
					<Add directory="../emscripten-projects/scripting/EmCPython/Python-2.7/Include" />
					<Add directory="./entities/AI/recast/RecastDemo/Include" />
					<Add directory="./entities/AI/recast/DebugUtils/Include" />
					<Add directory="./entities/AI/recast/Recast/Include" />
					<Add directory="./entities/AI/recast/Detour/Include" />
					<Add directory="./entities/AI/recast/DetourCrowd/Include" />
					<Add directory="./entities/AI/recast/DetourTileCache/Include" />
					<Add directory="../emscripten-projects/AI/libIrrOpenSteer/include" />
					<Add directory="../emscripten-projects/media/assimp/include" />
					<Add directory="../emscripten-projects/media/fluidsynth-emscripten/include" />
					<Add directory="../emscripten-projects/sqlite/sqlite-amalgamation-3300100" />
					<Add directory="../emscripten-projects/physics/Bullet/bullet/src" />
					<Add directory="../emscripten-projects/compression/zlib-1.2.3" />
					<Add directory="../emscripten-projects/scripting/sqplus/sqplus" />
					<Add directory="../emscripten-projects/media/freetype2.8/include" />
					<Add directory="../emscripten-projects/scripting/EmCPython/Python-2.7/" />
					<Add directory="../emscripten-projects/media/fluidsynth-emscripten/" />
					<Add directory="../emscripten-projects/media/SparkEngine/include" />
					<Add directory="../emscripten-projects/PolyVox/library/PolyVoxCore/include" />
					<Add directory="../emscripten-projects/PolyVox/library/PolyVoxUtil/include" />
					<Add directory="../emscripten-projects/compression/libtar/build/include" />
					<Add directory="../emscripten-projects/media/SparkEngine/src" />
				</Compiler>
				<Linker>
					<Add option="-s ALLOW_MEMORY_GROWTH=1" />
					<Add option="--preload-file media/" />
					<Add option="-s FULL_ES2=1" />
					<Add option="-s DISABLE_EXCEPTION_CATCHING=0" />
					<Add option="-s NO_EXIT_RUNTIME=1" />
					<Add option="--shared-memory" />
					<Add option="-s ERROR_ON_UNDEFINED_SYMBOLS=0" />
					<Add option="-s TOTAL_MEMORY=64Mb" />
					<Add option="-s ASSERTIONS=2" />
					<Add option="--memory-init-file 0" />
					<Add option="-s EMULATE_FUNCTION_POINTER_CASTS=1" />
					<Add library="GL" />
					<Add library="openal" />
					<Add library="dl" />
					<Add library="irrNetLite22" />
					<Add library="enet" />
					<Add library="python2.7" />
					<Add library="IrrOpenSteer" />
					<Add library="pthread" />
					<Add library="theora" />
					<Add library="theoraplayer" />
					<Add library="assimp" />
					<Add library="GLESv2" />
					<Add library="BulletSoftBody" />
					<Add library="BulletDynamics" />
					<Add library="BulletCollision" />
					<Add library="LinearMath" />
					<Add library="Irrlicht" />
					<Add library="freetype" />
					<Add library="fluidsynth" />
					<Add library="SPARK" />
					<Add library="SPARK_IRR" />
					<Add library="ogg" />
					<Add library="vorbis" />
					<Add library="vorbisfile" />
					<Add library="tar" />
					<Add library="z" />
					<Add directory="../emscripten-projects/media/freetype2.8/build" />
					<Add directory="../emscripten-projects/net/enet" />
					<Add directory="../emscripten-projects/irrlicht-ogl-es-2019dec/lib/Linux" />
					<Add directory="../LunaLibs/Compiled/Linux" />
					<Add directory="../emscripten-projects/media/theoraplayer/bin/Linux" />
					<Add directory="../emscripten-projects/net/irrNetLite22" />
					<Add directory="../emscripten-projects/AI/libIrrOpenSteer/lib" />
					<Add directory="./entities/AI/recast/DebugUtils/Include/" />
					<Add directory="../emscripten-projects/media/assimp/lib" />
					<Add directory="../emscripten-projects/media/cAudio2/bin/gcc" />
					<Add directory="../emscripten-projects/media/libtheoraplayer/src/.libs" />
					<Add directory="../emscripten-projects/media/fluidsynth-emscripten/src" />
					<Add directory="../emscripten-projects/sqlite/sqlite-amalgamation-3300100" />
					<Add directory="../emscripten-projects/scripting/EmCPython/Python-2.7/" />
					<Add directory="../emscripten-projects/physics/Bullet/bullet/src/BulletDynamics" />
					<Add directory="../emscripten-projects/physics/Bullet/bullet/src/BulletSoftBody" />
					<Add directory="../emscripten-projects/physics/Bullet/bullet/src/BulletCollision" />
					<Add directory="../emscripten-projects/physics/Bullet/bullet/src/LinearMath" />
					<Add directory="../EMLibs/Compiled/emscripten" />
					<Add directory="../emscripten-projects/media/Ogg" />
					<Add directory="../emscripten-projects/media/Vorbis" />
					<Add directory="../emscripten-projects/media/theora/" />
					<Add directory="../emscripten-projects/physics/Bullet/bullet/msvc/2008/lib/Release" />
					<Add directory="../emscripten-projects/PolyVox/library/PolyVoxCore" />
					<Add directory="../emscripten-projects/PolyVox/library/PolyVoxUtil" />
					<Add directory="../emscripten-projects/compression/zlib-1.2.3" />
					<Add directory="../emscripten-projects/scripting/sqplus/lib" />
					<Add directory="../emscripten-projects/media/SparkEngine/lib/emscripten/static" />
					<Add directory="../emscripten-projects/compression/libtar/build/lib" />
				</Linker>
				<ExtraCommands>
					<Add before="./emclean.sh emscripten" />
				</ExtraCommands>
			</Target>
			<Target title="emscripten-projects-testing">
				<Option output="./Luna.html" prefix_auto="0" extension_auto="0" />
				<Option working_dir="./" />
				<Option object_output=".emdobjstest" />
				<Option type="1" />
				<Option compiler="emscripten" />
				<Option use_console_runner="0" />
				<Option projectCompilerOptionsRelation="-1" />
				<Option projectLinkerOptionsRelation="-1" />
				<Option projectIncludeDirsRelation="-1" />
				<Option projectLibDirsRelation="-1" />
				<MakeCommands>
					<Build command="" />
					<CompileFile command="" />
					<Clean command="" />
					<DistClean command="" />
					<AskRebuildNeeded command="" />
					<SilentBuild command=" &gt; $(CMD_NULL)" />
				</MakeCommands>
			</Target>
			<Target title="emminimal">
				<Option output="./GAME/Luna.html" prefix_auto="0" extension_auto="0" />
				<Option working_dir="GAME" />
				<Option object_output=".emdobjsmin" />
				<Option type="1" />
				<Option compiler="emscripten" />
				<Option use_console_runner="0" />
				<Option projectCompilerOptionsRelation="1" />
				<Option projectLinkerOptionsRelation="1" />
				<Option projectIncludeDirsRelation="1" />
				<Option projectResourceIncludeDirsRelation="1" />
				<Option projectLibDirsRelation="1" />
				<Compiler>
					<Add option="-D_IRR_STATIC_LIB_" />
					<Add option="-D_IRR_EMSCRIPTEN_PLATFORM_" />
					<Add option="-D__EMSCRIPTEN__" />
					<Add option="-DNO_GLIB" />
					<Add directory="../emscripten-projects/irrlicht-ogl-es-2019dec/include" />
					<Add directory="../emscripten-projects/net/irrNetLite22" />
					<Add directory="../emscripten-projects/media/freetype2.8/build" />
					<Add directory="../emscripten-projects/net/enet/include" />
					<Add directory="FileSystem/readblend" />
					<Add directory="../emscripten-projects/media/Ogg/include" />
					<Add directory="../emscripten-projects/media/Vorbis/include" />
					<Add directory="../emscripten-projects/media/theora/include" />
					<Add directory="../emscripten-projects/media/cAudio2/include" />
					<Add directory="../emscripten-projects/media/libtheoraplayer/include" />
					<Add directory="../emscripten-projects/scripting/EmCPython/Python-2.7/Include" />
					<Add directory="./entities/AI/recast/RecastDemo/Include" />
					<Add directory="./entities/AI/recast/DebugUtils/Include" />
					<Add directory="./entities/AI/recast/Recast/Include" />
					<Add directory="./entities/AI/recast/Detour/Include" />
					<Add directory="./entities/AI/recast/DetourCrowd/Include" />
					<Add directory="./entities/AI/recast/DetourTileCache/Include" />
					<Add directory="../emscripten-projects/AI/libIrrOpenSteer/include" />
					<Add directory="../emscripten-projects/media/assimp/include" />
					<Add directory="../emscripten-projects/media/fluidsynth-emscripten/include" />
					<Add directory="../emscripten-projects/sqlite/sqlite-amalgamation-3300100" />
					<Add directory="../emscripten-projects/physics/Bullet/bullet/src" />
					<Add directory="../emscripten-projects/compression/zlib-1.2.3" />
					<Add directory="../emscripten-projects/scripting/sqplus/sqplus" />
					<Add directory="../emscripten-projects/media/freetype2.8/include" />
					<Add directory="../emscripten-projects/scripting/EmCPython/Python-2.7/" />
					<Add directory="../emscripten-projects/media/fluidsynth-emscripten/" />
					<Add directory="../emscripten-projects/media/SparkEngine/include" />
					<Add directory="../emscripten-projects/PolyVox/library/PolyVoxCore/include" />
					<Add directory="../emscripten-projects/PolyVox/library/PolyVoxUtil/include" />
					<Add directory="../emscripten-projects/compression/libtar/build/include" />
				</Compiler>
				<Linker>
					<Add option="-s ALLOW_MEMORY_GROWTH=1" />
					<Add option="--preload-file media/" />
					<Add option="-s FULL_ES2=1" />
					<Add option="-s DISABLE_EXCEPTION_CATCHING=0" />
					<Add option="-s NO_EXIT_RUNTIME=1" />
					<Add option="--shared-memory" />
					<Add option="-s ERROR_ON_UNDEFINED_SYMBOLS=0" />
					<Add option="-s TOTAL_MEMORY=64Mb" />
					<Add option="-s ASSERTIONS=2" />
					<Add option="--memory-init-file 0" />
					<Add option="-s EMULATE_FUNCTION_POINTER_CASTS=1" />
					<Add library="GLESv2" />
					<Add library="GL" />
					<Add library="Irrlicht" />
					<Add directory="../emscripten-projects/media/freetype2.8/build" />
					<Add directory="../emscripten-projects/net/enet" />
					<Add directory="../emscripten-projects/irrlicht-ogl-es-2019dec/lib/Linux" />
					<Add directory="../LunaLibs/Compiled/Linux" />
					<Add directory="../emscripten-projects/media/theoraplayer/bin/Linux" />
					<Add directory="../emscripten-projects/net/irrNetLite22" />
					<Add directory="../emscripten-projects/AI/libIrrOpenSteer/lib" />
					<Add directory="./entities/AI/recast/DebugUtils/Include/" />
					<Add directory="../emscripten-projects/media/assimp/lib" />
					<Add directory="../emscripten-projects/media/cAudio2/bin/gcc" />
					<Add directory="../emscripten-projects/media/libtheoraplayer/src/.libs" />
					<Add directory="../emscripten-projects/media/fluidsynth-emscripten/src" />
					<Add directory="../emscripten-projects/sqlite/sqlite-amalgamation-3300100" />
					<Add directory="../emscripten-projects/scripting/EmCPython/Python-2.7/" />
					<Add directory="../emscripten-projects/physics/Bullet/bullet/src/BulletDynamics" />
					<Add directory="../emscripten-projects/physics/Bullet/bullet/src/BulletSoftBody" />
					<Add directory="../emscripten-projects/physics/Bullet/bullet/src/BulletCollision" />
					<Add directory="../emscripten-projects/physics/Bullet/bullet/src/LinearMath" />
					<Add directory="../EMLibs/Compiled/emscripten" />
					<Add directory="../emscripten-projects/media/Ogg" />
					<Add directory="../emscripten-projects/media/Vorbis" />
					<Add directory="../emscripten-projects/media/theora/" />
					<Add directory="../emscripten-projects/physics/Bullet/bullet/msvc/2008/lib/Release" />
					<Add directory="../emscripten-projects/PolyVox/library/PolyVoxCore" />
					<Add directory="../emscripten-projects/PolyVox/library/PolyVoxUtil" />
					<Add directory="../emscripten-projects/compression/zlib-1.2.3" />
					<Add directory="../emscripten-projects/scripting/sqplus/lib" />
					<Add directory="../emscripten-projects/media/SparkEngine/lib/emscripten/static" />
					<Add directory="../emscripten-projects/compression/libtar/build/include" />
				</Linker>
				<ExtraCommands>
					<Add before="./emclean.sh emscripten" />
					<Add after="./copyandrun.sh" />
				</ExtraCommands>
			</Target>
			<Target title="LinuxUDEV2DWII">
				<Option output="./GAME/mLuna2dudev" prefix_auto="0" extension_auto="0" />
				<Option working_dir="GAME" />
				<Option object_output=".d2dmobjsudev" />
				<Option type="1" />
				<Option compiler="gcc" />
				<Option projectCompilerOptionsRelation="1" />
				<Option projectLinkerOptionsRelation="1" />
				<Option projectResourceIncludeDirsRelation="1" />
				<Compiler>
					<Add option="-fpermissive" />
					<Add option="-DMINIMAL" />
					<Add option="-DMINIMAL2" />
					<Add option="-DWII" />
					<Add directory="../Box2D/Box2D/Box2D" />
					<Add directory="../Box2D/Box2D/" />
				</Compiler>
				<Linker>
					<Add library="GL" />
					<Add library="openal" />
					<Add library="Xxf86vm" />
					<Add library="X11" />
					<Add library="python2.7" />
					<Add library="pthread" />
					<Add library="Irrlicht" />
					<Add library="SDL_sound" />
					<Add library="ogg" />
					<Add library="vorbis" />
					<Add library="vorbisfile" />
					<Add library="dl" />
					<Add library="udev" />
					<Add directory="../Box2D/Box2D/Box2D/bin/Release" />
				</Linker>
			</Target>
			<Target title="LinuxExtracAudio">
				<Option output="./GAME/LunaE" prefix_auto="0" extension_auto="0" />
				<Option working_dir="GAME" />
				<Option object_output=".Emobjs" />
				<Option type="1" />
				<Option compiler="gcc" />
				<Option projectCompilerOptionsRelation="1" />
				<Option projectLinkerOptionsRelation="1" />
				<Option projectResourceIncludeDirsRelation="1" />
				<Compiler>
					<Add option="-fpermissive" />
					<Add option="-DMINIMAL" />
					<Add option="-DMINIMAL2" />
					<Add option="-DEXTRACOMPILE" />
					<Add directory="../Box2D/Box2D/Box2D" />
					<Add directory="../Box2D/Box2D/" />
				</Compiler>
				<Linker>
					<Add library="Irrlicht" />
					<Add library="dl" />
					<Add library="z" />
					<Add library="pthread" />
					<Add library="python2.7" />
					<Add library="X11" />
					<Add library="Xxf86vm" />
					<Add library="GL" />
					<Add library="IrrOpenSteer" />
					<Add library="openal" />
					<Add library="vorbis" />
					<Add library="caudio" />
					<Add library="vorbisfile" />
					<Add library="ogg" />
					<Add directory="../Box2D/Box2D/Box2D/bin/Release" />
					<Add directory="../LunaLibs/SparkEngine/lib/Linux/static" />
				</Linker>
			</Target>
		</Build>
		<Compiler>
			<Add option="-I/usr/include/atk-1.0 -I/usr/include/pango-1.0" />
			<Add option="-I/usr/include/pixman-1" />
			<Add option="`pkg-config gtk+-2.0 --cflags`" />
			<Add option="-Wno-narrowing" />
			<Add option="-DPARTICLES" />
			<Add directory="../LunaLibs/irrlicht-1.8.4/source/Irrlicht" />
			<Add directory="../LunaLibs/irrlicht-1.8.4/include" />
			<Add directory="../LunaLibs/net/irrNetLite22" />
			<Add directory="../LunaLibs/freetype-2.3.9/include" />
			<Add directory="../LunaLibs/net/enet-1.2.1/include" />
			<Add directory="FileSystem/readblend" />
			<Add directory="../LunaLibs/libtheora-1.1.1/include/theora" />
			<Add directory="../LunaLibs/libtheoraplayer/include" />
			<Add directory="/usr/include/AL" />
			<Add directory="/usr/include/python" />
			<Add directory="./entities/AI/recast/RecastDemo/Include" />
			<Add directory="./entities/AI/recast/DebugUtils/Include" />
			<Add directory="./entities/AI/recast/Recast/Include" />
			<Add directory="./entities/AI/recast/Detour/Include" />
			<Add directory="./entities/AI/recast/DetourCrowd/Include" />
			<Add directory="./entities/AI/recast/DetourTileCache/Include" />
			<Add directory="../LunaLibs/libIrrOpenSteer_10-02-15/include" />
			<Add directory="../LunaLibs/assimp-3.3.1/include" />
			<Add directory="../LunaLibs/Scripting/sqplus-code/sqplus" />
			<Add directory="../LunaLibs/Scripting/sqplus-code/include" />
			<Add directory="../LunaLibs/cAudio23/cAudio/include" />
			<Add directory="../LunaLibs/cAudio23/include" />
			<Add directory="Scene/SPARK" />
			<Add directory="../LunaLibs/bullet3-2.86.1/src" />
			<Add directory="../LunaLibs/media/fluidsynth-emscripten/include2" />
			<Add directory="../LunaLibs/media/fluidsynth-emscripten/2" />
			<Add directory="../LunaLibs/SparkEngine/src" />
			<Add directory="../LunaLibs/SparkEngine/include" />
			<Add directory="../emscripten-projects/SDL/SDL_sound/src" />
			<Add directory="../LunaLibs/zlib-1.2.3" />
			<Add directory="/usr/include/python2.7" />
			<Add directory="../irrlicht-1.8.4/include" />
			<Add directory="Input/Controllers/iois/OIS/includes" />
			<Add directory="Input/FluidLite/include/" />
			<Add directory="Scene/PolyVox/include" />
			<Add directory="Physics/irrBullet-0.1.9/include" />
			<Add directory="/usr/include/irrlicht" />
			<Add directory="../irrlicht-1.8.5/include" />
		</Compiler>
		<Linker>
			<Add option="`pkg-config gtk+-2.0 --libs`" />
			<Add library="GL" />
			<Add library="openal" />
			<Add library="Xxf86vm" />
			<Add library="X11" />
			<Add library="irrNetLite22" />
			<Add library="enet" />
			<Add library="python2.7" />
			<Add library="IrrOpenSteer" />
			<Add library="pthread" />
			<Add library="theora" />
			<Add library="theoraplayer" />
			<Add library="assimp" />
			<Add library="usb" />
			<Add library="sqlite3" />
			<Add library="ogg" />
			<Add library="vorbis" />
			<Add library="vorbisfile" />
			<Add library="sndfile" />
			<Add library="PolyVoxCore" />
			<Add library="Irrlicht" />
			<Add library="BulletSoftBody" />
			<Add library="BulletDynamics" />
			<Add library="BulletCollision" />
			<Add library="LinearMath" />
			<Add library="freetype" />
			<Add library="z" />
			<Add library="dl" />
			<Add library="SPARK" />
			<Add library="SPARK_IRR" />
			<Add directory="../LunaLibs/freetype-2.3.9/objs/.libs" />
			<Add directory="../LunaLibs/net/enet-1.2.1" />
			<Add directory="../LunaLibs/irrlicht-1.8.4/lib/Linux" />
			<Add directory="../LunaLibs/Compiled/Linux" />
			<Add directory="../LunaLibs/libtheoraplayer/bin/Linux" />
			<Add directory="../LunaLibs/net/irrNetLite22" />
			<Add directory="../LunaLibs/libIrrOpenSteer_10-02-15/lib" />
			<Add directory="./entities/AI/recast/DebugUtils/Include/" />
			<Add directory="../LunaLibs/assimp-3.3.1/lib" />
			<Add directory="../LunaLibs/zlib-1.2.32" />
			<Add directory="../LunaLibs/libtheoraplayer/" />
			<Add directory="../LunaLibs/cAudio23/cAudio/bin/gcc" />
			<Add directory="../LunaLibs/bullet3-2.86.1/src/BulletDynamics" />
			<Add directory="../LunaLibs/bullet3-2.86.1/src/BulletSoftBody" />
			<Add directory="../LunaLibs/bullet3-2.86.1/src/BulletCollision" />
			<Add directory="../LunaLibs/bullet3-2.86.1/src/LinearMath" />
			<Add directory="../LunaLibs/SparkEngine/lib/Linux/static" />
			<Add directory="../LunaLibs/PolyVox/library/PolyVoxCore" />
			<Add directory="../LunaLibs/media/fluidsynth-emscripten/src3" />
			<Add directory="../LunaLibs/bullet3-2.86.1/msvc/2008/lib/Debug" />
			<Add directory="../LunaLibs/OpenSteer" />
			<Add directory="../emscripten-projects/SDL/SDL_sound/src" />
			<Add directory="../LunaLibs/libtheora-1.1.1" />
			<Add directory="../LunaLibs/freetype-2.3.9" />
			<Add directory="../irrlicht-1.8.4/lib/Linux" />
		</Linker>
		<Unit filename="DevLoop.h" />
		<Unit filename="Equipment/Rifle.cpp" />
		<Unit filename="Equipment/Rifle.h" />
		<Unit filename="Equipment/firstPersonWeapon.cpp" />
		<Unit filename="Equipment/firstPersonWeapon.h" />
		<Unit filename="Events/Events.cpp" />
		<Unit filename="Events/Events.h" />
		<Unit filename="Events/InGameEventReceiver.cpp" />
		<Unit filename="Events/InGameEventReceiver.h" />
		<Unit filename="GUI/ASCIIText/crc.cpp" />
		<Unit filename="GUI/ASCIIText/crc.h" />
		<Unit filename="GUI/ASCIIText/figlet.h" />
		<Unit filename="GUI/ASCIIText/getopt.c">
			<Option compilerVar="CC" />
		</Unit>
		<Unit filename="GUI/ASCIIText/getopt.cpp" />
		<Unit filename="GUI/ASCIIText/inflate.cpp" />
		<Unit filename="GUI/ASCIIText/inflate.h" />
		<Unit filename="GUI/ASCIIText/utf8.c">
			<Option compilerVar="CC" />
		</Unit>
		<Unit filename="GUI/ASCIIText/utf8.h" />
		<Unit filename="GUI/ASCIIText/zipio.cpp" />
		<Unit filename="GUI/ASCIIText/zipio.h" />
		<Unit filename="GUI/CHUD.h" />
		<Unit filename="GUI/ChatBox/CGUIChatBox.cpp" />
		<Unit filename="GUI/ChatBox/CGUIChatBox.h" />
		<Unit filename="GUI/CodeEditor/CGUIEditBoxIRB.cpp" />
		<Unit filename="GUI/CodeEditor/CGUIEditBoxIRB.h" />
		<Unit filename="GUI/Font/CGUITTFont.cpp" />
		<Unit filename="GUI/Font/CGUITTFont.h" />
		<Unit filename="GUI/Math/SCalcExpr.cpp" />
		<Unit filename="GUI/Math/SCalcExpr.h" />
		<Unit filename="GUI/Video/CAudioInterface_OpenAL.cpp" />
		<Unit filename="GUI/Video/CAudioInterface_OpenAL.h" />
		<Unit filename="GUI/Video/CVideoMaster.cpp" />
		<Unit filename="GUI/Video/CVideoMaster.h" />
		<Unit filename="GUI/cImage2D.h" />
		<Unit filename="GUI/compass/Compass.cpp" />
		<Unit filename="GUI/compass/Compass.h" />
		<Unit filename="GUI/sineGraph2d/IGraph2D.h" />
		<Unit filename="GUI/sineGraph2d/IncrementorT.h" />
		<Unit filename="GUI/sineGraph2d/Range.h" />
		<Unit filename="GUI/sineGraph2d/SGraph2D.cpp" />
		<Unit filename="GUI/sineGraph2d/SGraph2D.h" />
		<Unit filename="GUI/widgets/CGUIBar.cpp" />
		<Unit filename="GUI/widgets/CGUIBar.h" />
		<Unit filename="Input/AgAudio/Ogg/OggFile.cpp" />
		<Unit filename="Input/AgAudio/Ogg/OggFile.h" />
		<Unit filename="Input/AgAudio/Sound.cpp" />
		<Unit filename="Input/AgAudio/Sound.h" />
		<Unit filename="Input/AgAudio/SoundSource/SoundSource.cpp" />
		<Unit filename="Input/AgAudio/SoundSource/SoundSource.h" />
		<Unit filename="Input/AgAudio/audio.cpp" />
		<Unit filename="Input/AgAudio/audio.h" />
		<Unit filename="Input/Compress/Compress.cpp" />
		<Unit filename="Input/Compress/Compress.h" />
		<Unit filename="Input/Compress/microtar/src/microtar-stdio.c">
			<Option compilerVar="CC" />
		</Unit>
		<Unit filename="Input/Compress/microtar/src/microtar-stdio.h" />
		<Unit filename="Input/Compress/microtar/src/microtar.c">
			<Option compilerVar="CC" />
		</Unit>
		<Unit filename="Input/Compress/microtar/src/microtar.h" />
		<Unit filename="Input/Compress/mtar.h" />
		<Unit filename="Input/Compress/zpipe.h" />
		<Unit filename="Input/Compress/zstr.h" />
		<Unit filename="Input/Controllers/StringTools.cpp" />
		<Unit filename="Input/Controllers/iois/COIS.cpp" />
		<Unit filename="Input/Controllers/iois/COIS.h" />
		<Unit filename="Input/Controllers/iois/OIS/OISEffect.cpp">
			<Option target="Linux Debug 2D" />
			<Option target="Linux Debug MINIMAL" />
			<Option target="emscripten-debug" />
			<Option target="emscripten-projects" />
			<Option target="emscripten-projects-testing" />
			<Option target="emminimal" />
			<Option target="LinuxUDEV2DWII" />
			<Option target="Linux Debug 2D Sound" />
			<Option target="LinuxExtra" />
			<Option target="LinuxExtracAudio" />
		</Unit>
		<Unit filename="Input/Controllers/iois/OIS/OISException.cpp">
			<Option target="Linux Debug 2D" />
			<Option target="Linux Debug MINIMAL" />
			<Option target="emscripten-debug" />
			<Option target="emscripten-projects" />
			<Option target="emscripten-projects-testing" />
			<Option target="emminimal" />
			<Option target="LinuxUDEV2DWII" />
			<Option target="Linux Debug 2D Sound" />
			<Option target="LinuxExtra" />
			<Option target="LinuxExtracAudio" />
		</Unit>
		<Unit filename="Input/Controllers/iois/OIS/OISForceFeedback.cpp">
			<Option target="Linux Debug 2D" />
			<Option target="Linux Debug MINIMAL" />
			<Option target="emscripten-debug" />
			<Option target="emscripten-projects" />
			<Option target="emscripten-projects-testing" />
			<Option target="emminimal" />
			<Option target="LinuxUDEV2DWII" />
			<Option target="Linux Debug 2D Sound" />
			<Option target="LinuxExtra" />
			<Option target="LinuxExtracAudio" />
		</Unit>
		<Unit filename="Input/Controllers/iois/OIS/OISInputManager.cpp">
			<Option target="Linux Debug 2D" />
			<Option target="Linux Debug MINIMAL" />
			<Option target="emscripten-debug" />
			<Option target="emscripten-projects" />
			<Option target="emscripten-projects-testing" />
			<Option target="emminimal" />
			<Option target="LinuxUDEV2DWII" />
			<Option target="Linux Debug 2D Sound" />
			<Option target="LinuxExtra" />
			<Option target="LinuxExtracAudio" />
		</Unit>
		<Unit filename="Input/Controllers/iois/OIS/OISJoyStick.cpp">
			<Option target="Linux Debug 2D" />
			<Option target="Linux Debug MINIMAL" />
			<Option target="emscripten-debug" />
			<Option target="emscripten-projects" />
			<Option target="emscripten-projects-testing" />
			<Option target="emminimal" />
			<Option target="LinuxUDEV2DWII" />
			<Option target="Linux Debug 2D Sound" />
			<Option target="LinuxExtra" />
			<Option target="LinuxExtracAudio" />
		</Unit>
		<Unit filename="Input/Controllers/iois/OIS/OISKeyboard.cpp">
			<Option target="Linux Debug 2D" />
			<Option target="Linux Debug MINIMAL" />
			<Option target="emscripten-debug" />
			<Option target="emscripten-projects" />
			<Option target="emscripten-projects-testing" />
			<Option target="emminimal" />
			<Option target="LinuxUDEV2DWII" />
			<Option target="Linux Debug 2D Sound" />
			<Option target="LinuxExtra" />
			<Option target="LinuxExtracAudio" />
		</Unit>
		<Unit filename="Input/Controllers/iois/OIS/OISObject.cpp">
			<Option target="Linux Debug 2D" />
			<Option target="Linux Debug MINIMAL" />
			<Option target="emscripten-debug" />
			<Option target="emscripten-projects" />
			<Option target="emscripten-projects-testing" />
			<Option target="emminimal" />
			<Option target="LinuxUDEV2DWII" />
			<Option target="Linux Debug 2D Sound" />
			<Option target="LinuxExtra" />
			<Option target="LinuxExtracAudio" />
		</Unit>
		<Unit filename="Input/Controllers/iois/OIS/includes/OIS.h" />
		<Unit filename="Input/Controllers/iois/OIS/includes/OISConfig.h" />
		<Unit filename="Input/Controllers/iois/OIS/includes/OISEffect.h" />
		<Unit filename="Input/Controllers/iois/OIS/includes/OISEvents.h" />
		<Unit filename="Input/Controllers/iois/OIS/includes/OISException.h" />
		<Unit filename="Input/Controllers/iois/OIS/includes/OISFactoryCreator.h" />
		<Unit filename="Input/Controllers/iois/OIS/includes/OISForceFeedback.h" />
		<Unit filename="Input/Controllers/iois/OIS/includes/OISInputManager.h" />
		<Unit filename="Input/Controllers/iois/OIS/includes/OISInterface.h" />
		<Unit filename="Input/Controllers/iois/OIS/includes/OISJoyStick.h" />
		<Unit filename="Input/Controllers/iois/OIS/includes/OISKeyboard.h" />
		<Unit filename="Input/Controllers/iois/OIS/includes/OISMouse.h" />
		<Unit filename="Input/Controllers/iois/OIS/includes/OISMultiTouch.h" />
		<Unit filename="Input/Controllers/iois/OIS/includes/OISObject.h" />
		<Unit filename="Input/Controllers/iois/OIS/includes/OISPrereqs.h" />
		<Unit filename="Input/Controllers/iois/OIS/linux/EventHelpers.cpp" />
		<Unit filename="Input/Controllers/iois/OIS/linux/LinuxForceFeedback.cpp" />
		<Unit filename="Input/Controllers/iois/OIS/linux/LinuxInputManager.cpp" />
		<Unit filename="Input/Controllers/iois/OIS/linux/LinuxJoyStickEvents.cpp" />
		<Unit filename="Input/Controllers/iois/OIS/linux/LinuxKeyboard.cpp" />
		<Unit filename="Input/Controllers/iois/OIS/linux/LinuxMouse.cpp" />
		<Unit filename="Input/Controllers/iois/wmain.cpp" />
		<Unit filename="Input/Controllers/wii/xwiimote/core.c">
			<Option compilerVar="CC" />
		</Unit>
		<Unit filename="Input/Controllers/wii/xwiimote/monitor.c">
			<Option compilerVar="CC" />
		</Unit>
		<Unit filename="Input/Controllers/wii/xwiimote/xwiimote.h" />
		<Unit filename="Input/Controllers/wii/xwiimote/xwiimotemain.h" />
		<Unit filename="Input/FluidLite/fluid_chan.c">
			<Option compilerVar="CC" />
		</Unit>
		<Unit filename="Input/FluidLite/fluid_chan.h" />
		<Unit filename="Input/FluidLite/fluid_chorus.c">
			<Option compilerVar="CC" />
		</Unit>
		<Unit filename="Input/FluidLite/fluid_chorus.h" />
		<Unit filename="Input/FluidLite/fluid_config.h" />
		<Unit filename="Input/FluidLite/fluid_conv.c">
			<Option compilerVar="CC" />
		</Unit>
		<Unit filename="Input/FluidLite/fluid_conv.h" />
		<Unit filename="Input/FluidLite/fluid_defsfont.c">
			<Option compilerVar="CC" />
		</Unit>
		<Unit filename="Input/FluidLite/fluid_defsfont.h" />
		<Unit filename="Input/FluidLite/fluid_dsp_float.c">
			<Option compilerVar="CC" />
		</Unit>
		<Unit filename="Input/FluidLite/fluid_gen.c">
			<Option compilerVar="CC" />
		</Unit>
		<Unit filename="Input/FluidLite/fluid_gen.h" />
		<Unit filename="Input/FluidLite/fluid_hash.c">
			<Option compilerVar="CC" />
		</Unit>
		<Unit filename="Input/FluidLite/fluid_hash.h" />
		<Unit filename="Input/FluidLite/fluid_init.c">
			<Option compilerVar="CC" />
		</Unit>
		<Unit filename="Input/FluidLite/fluid_list.c">
			<Option compilerVar="CC" />
		</Unit>
		<Unit filename="Input/FluidLite/fluid_list.h" />
		<Unit filename="Input/FluidLite/fluid_midi.h" />
		<Unit filename="Input/FluidLite/fluid_mod.c">
			<Option compilerVar="CC" />
		</Unit>
		<Unit filename="Input/FluidLite/fluid_mod.h" />
		<Unit filename="Input/FluidLite/fluid_phase.h" />
		<Unit filename="Input/FluidLite/fluid_ramsfont.c">
			<Option compilerVar="CC" />
		</Unit>
		<Unit filename="Input/FluidLite/fluid_ramsfont.h" />
		<Unit filename="Input/FluidLite/fluid_rev.c">
			<Option compilerVar="CC" />
		</Unit>
		<Unit filename="Input/FluidLite/fluid_rev.h" />
		<Unit filename="Input/FluidLite/fluid_settings.c">
			<Option compilerVar="CC" />
		</Unit>
		<Unit filename="Input/FluidLite/fluid_settings.h" />
		<Unit filename="Input/FluidLite/fluid_sfont.h" />
		<Unit filename="Input/FluidLite/fluid_synth.c">
			<Option compilerVar="CC" />
		</Unit>
		<Unit filename="Input/FluidLite/fluid_synth.h" />
		<Unit filename="Input/FluidLite/fluid_sys.c">
			<Option compilerVar="CC" />
		</Unit>
		<Unit filename="Input/FluidLite/fluid_sys.h" />
		<Unit filename="Input/FluidLite/fluid_tuning.c">
			<Option compilerVar="CC" />
		</Unit>
		<Unit filename="Input/FluidLite/fluid_tuning.h" />
		<Unit filename="Input/FluidLite/fluid_voice.c">
			<Option compilerVar="CC" />
		</Unit>
		<Unit filename="Input/FluidLite/fluid_voice.h" />
		<Unit filename="Input/FluidLite/fluidsynth_priv.h" />
		<Unit filename="Input/FluidLite/include/fluidlite.h" />
		<Unit filename="Input/FluidLite/include/fluidsynth/gen.h" />
		<Unit filename="Input/FluidLite/include/fluidsynth/log.h" />
		<Unit filename="Input/FluidLite/include/fluidsynth/misc.h" />
		<Unit filename="Input/FluidLite/include/fluidsynth/mod.h" />
		<Unit filename="Input/FluidLite/include/fluidsynth/ramsfont.h" />
		<Unit filename="Input/FluidLite/include/fluidsynth/settings.h" />
		<Unit filename="Input/FluidLite/include/fluidsynth/sfont.h" />
		<Unit filename="Input/FluidLite/include/fluidsynth/synth.h" />
		<Unit filename="Input/FluidLite/include/fluidsynth/types.h" />
		<Unit filename="Input/FluidLite/include/fluidsynth/version.h" />
		<Unit filename="Input/FluidLite/include/fluidsynth/voice.h" />
		<Unit filename="Input/FluidLite/stb/stb_vorbis.c">
			<Option compilerVar="CC" />
		</Unit>
		<Unit filename="Input/Model/BSP/CMOHAALevelMesh.cpp" />
		<Unit filename="Input/Model/BSP/CMOHAALevelMesh.h" />
		<Unit filename="Input/Model/IrrAssimp/IrrAssimp.cpp" />
		<Unit filename="Input/Model/IrrAssimp/IrrAssimp.h" />
		<Unit filename="Input/Model/IrrAssimp/IrrAssimpExport.cpp" />
		<Unit filename="Input/Model/IrrAssimp/IrrAssimpExport.h" />
		<Unit filename="Input/Model/IrrAssimp/IrrAssimpImport.cpp" />
		<Unit filename="Input/Model/IrrAssimp/IrrAssimpImport.h" />
		<Unit filename="Input/Model/blender/BulletBlendReader.cpp" />
		<Unit filename="Input/Model/blender/BulletBlendReader.h" />
		<Unit filename="Input/Model/blender/BulletBlendReaderNew.cpp" />
		<Unit filename="Input/Model/blender/BulletBlendReaderNew.h" />
		<Unit filename="Input/Model/blender/BulletIrrlichtUtils.cpp" />
		<Unit filename="Input/Model/blender/BulletIrrlichtUtils.h" />
		<Unit filename="Input/Model/blender/IrrBlend.cpp" />
		<Unit filename="Input/Model/blender/IrrBlend.h" />
		<Unit filename="Input/Model/blender/IrrBlendNew.cpp" />
		<Unit filename="Input/Model/blender/IrrBlendNew.h" />
		<Unit filename="Input/Model/blender/abs-file.h" />
		<Unit filename="Input/Model/blender/bBlenderFile.cpp" />
		<Unit filename="Input/Model/blender/bBlenderFile.h" />
		<Unit filename="Input/Model/blender/bChunk.cpp" />
		<Unit filename="Input/Model/blender/bChunk.h" />
		<Unit filename="Input/Model/blender/bCommon.h" />
		<Unit filename="Input/Model/blender/bDNA.cpp" />
		<Unit filename="Input/Model/blender/bDNA.h" />
		<Unit filename="Input/Model/blender/bDefines.h" />
		<Unit filename="Input/Model/blender/bFile.cpp" />
		<Unit filename="Input/Model/blender/bFile.h" />
		<Unit filename="Input/Model/blender/bLog.cpp" />
		<Unit filename="Input/Model/blender/bLog.h" />
		<Unit filename="Input/Model/blender/bMain.cpp" />
		<Unit filename="Input/Model/blender/bMain.h" />
		<Unit filename="Input/Model/blender/blenderUp.h" />
		<Unit filename="Input/Model/blender/blendtype.h" />
		<Unit filename="Input/Model/blender/dna249-64bit.cpp" />
		<Unit filename="Input/Model/blender/dna249.cpp" />
		<Unit filename="Input/Model/blender/readblend.h" />
		<Unit filename="Input/Model/irrTiled/irrTiled.h" />
		<Unit filename="Input/SDL/SDL_fluidlite.h" />
		<Unit filename="Input/SDL/SDLsound.h" />
		<Unit filename="Input/SDLMixer.h" />
		<Unit filename="Input/inputManager.cpp" />
		<Unit filename="Input/inputManager.h" />
		<Unit filename="Input/openal_playback.h" />
		<Unit filename="Input/sqlite/sqlite3.c">
			<Option compilerVar="CC" />
		</Unit>
		<Unit filename="Input/sqlite/sqlite3.h" />
		<Unit filename="Input/sqlite/sqlite3ext.h" />
		<Unit filename="Luna.cpp" />
		<Unit filename="Luna.h" />
		<Unit filename="LunaLobby.cpp" />
		<Unit filename="Main.cpp" />
		<Unit filename="MainLoop.h" />
		<Unit filename="Net/irrNetClient.cpp" />
		<Unit filename="Net/irrNetClient.h" />
		<Unit filename="Net/irrNetServer.cpp" />
		<Unit filename="Net/irrNetServer.h" />
		<Unit filename="Physics/Box2D_Lite/Arbiter.cpp" />
		<Unit filename="Physics/Box2D_Lite/Arbiter.h" />
		<Unit filename="Physics/Box2D_Lite/Body.cpp" />
		<Unit filename="Physics/Box2D_Lite/Body.h" />
		<Unit filename="Physics/Box2D_Lite/Collide.cpp" />
		<Unit filename="Physics/Box2D_Lite/Joint.cpp" />
		<Unit filename="Physics/Box2D_Lite/Joint.h" />
		<Unit filename="Physics/Box2D_Lite/MathUtils.h" />
		<Unit filename="Physics/Box2D_Lite/World.cpp" />
		<Unit filename="Physics/Box2D_Lite/World.h" />
		<Unit filename="Physics/Box2D_Lite/glut.h" />
		<Unit filename="Physics/Box2D_Lite/main.cpp" />
		<Unit filename="Physics/Collision.cpp" />
		<Unit filename="Physics/Collision.hpp" />
		<Unit filename="Physics/Physics.cpp" />
		<Unit filename="Physics/Physics.h" />
		<Unit filename="Physics/Ragdoll.cpp" />
		<Unit filename="Physics/Ragdoll.h" />
		<Unit filename="Physics/SoftBody.cpp" />
		<Unit filename="Physics/Vehicle.cpp" />
		<Unit filename="Physics/Vehicle.h" />
		<Unit filename="Physics/box2D.cpp" />
		<Unit filename="Physics/box2D.h" />
		<Unit filename="Physics/irrBullet-0.1.9/include/irrBullet.h" />
		<Unit filename="Physics/irrBullet-0.1.9/include/irrBulletBoxShape.h" />
		<Unit filename="Physics/irrBullet-0.1.9/include/irrBulletBvhTriangleMeshShape.h" />
		<Unit filename="Physics/irrBullet-0.1.9/include/irrBulletCapsuleShape.h" />
		<Unit filename="Physics/irrBullet-0.1.9/include/irrBulletCollisionCallBackInformation.h" />
		<Unit filename="Physics/irrBullet-0.1.9/include/irrBulletCollisionObject.h" />
		<Unit filename="Physics/irrBullet-0.1.9/include/irrBulletCollisionObjectAffector.h" />
		<Unit filename="Physics/irrBullet-0.1.9/include/irrBulletCollisionObjectAffectorAttract.h" />
		<Unit filename="Physics/irrBullet-0.1.9/include/irrBulletCollisionObjectAffectorDelete.h" />
		<Unit filename="Physics/irrBullet-0.1.9/include/irrBulletCollisionShape.h" />
		<Unit filename="Physics/irrBullet-0.1.9/include/irrBulletCommon.h" />
		<Unit filename="Physics/irrBullet-0.1.9/include/irrBulletCompileConfig.h" />
		<Unit filename="Physics/irrBullet-0.1.9/include/irrBulletConvexHullShape.h" />
		<Unit filename="Physics/irrBullet-0.1.9/include/irrBulletCylinderShape.h" />
		<Unit filename="Physics/irrBullet-0.1.9/include/irrBulletGImpactMeshShape.h" />
		<Unit filename="Physics/irrBullet-0.1.9/include/irrBulletKinematicCharacterController.h" />
		<Unit filename="Physics/irrBullet-0.1.9/include/irrBulletLiquidBody.h" />
		<Unit filename="Physics/irrBullet-0.1.9/include/irrBulletMotionState.h" />
		<Unit filename="Physics/irrBullet-0.1.9/include/irrBulletPhysicsDebug.h" />
		<Unit filename="Physics/irrBullet-0.1.9/include/irrBulletRayCastVehicle.h" />
		<Unit filename="Physics/irrBullet-0.1.9/include/irrBulletRigidBody.h" />
		<Unit filename="Physics/irrBullet-0.1.9/include/irrBulletSoftBody.h" />
		<Unit filename="Physics/irrBullet-0.1.9/include/irrBulletSphereShape.h" />
		<Unit filename="Physics/irrBullet-0.1.9/include/irrBulletTriangleMeshShape.h" />
		<Unit filename="Physics/irrBullet-0.1.9/include/irrBulletWorld.h" />
		<Unit filename="Physics/irrBullet-0.1.9/src/irrBullet.cpp" />
		<Unit filename="Physics/irrBullet-0.1.9/src/irrBulletBoxShape.cpp" />
		<Unit filename="Physics/irrBullet-0.1.9/src/irrBulletBvhTriangleMeshShape.cpp" />
		<Unit filename="Physics/irrBullet-0.1.9/src/irrBulletCapsuleShape.cpp" />
		<Unit filename="Physics/irrBullet-0.1.9/src/irrBulletCollisionCallBackInformation.cpp" />
		<Unit filename="Physics/irrBullet-0.1.9/src/irrBulletCollisionObject.cpp" />
		<Unit filename="Physics/irrBullet-0.1.9/src/irrBulletCollisionObjectAffector.cpp" />
		<Unit filename="Physics/irrBullet-0.1.9/src/irrBulletCollisionObjectAffectorAttract.cpp" />
		<Unit filename="Physics/irrBullet-0.1.9/src/irrBulletCollisionObjectAffectorDelete.cpp" />
		<Unit filename="Physics/irrBullet-0.1.9/src/irrBulletCollisionShape.cpp" />
		<Unit filename="Physics/irrBullet-0.1.9/src/irrBulletConvexHullShape.cpp" />
		<Unit filename="Physics/irrBullet-0.1.9/src/irrBulletCylinderShape.cpp" />
		<Unit filename="Physics/irrBullet-0.1.9/src/irrBulletGImpactMeshShape.cpp" />
		<Unit filename="Physics/irrBullet-0.1.9/src/irrBulletLiquidBody.cpp" />
		<Unit filename="Physics/irrBullet-0.1.9/src/irrBulletMotionState.cpp" />
		<Unit filename="Physics/irrBullet-0.1.9/src/irrBulletPhysicsDebug.cpp" />
		<Unit filename="Physics/irrBullet-0.1.9/src/irrBulletRayCastVehicle.cpp" />
		<Unit filename="Physics/irrBullet-0.1.9/src/irrBulletRigidBody.cpp" />
		<Unit filename="Physics/irrBullet-0.1.9/src/irrBulletSoftBody.cpp" />
		<Unit filename="Physics/irrBullet-0.1.9/src/irrBulletSphereShape.cpp" />
		<Unit filename="Physics/irrBullet-0.1.9/src/irrBulletTriangleMeshShape.cpp" />
		<Unit filename="Physics/irrBullet-0.1.9/src/irrBulletWorld.cpp" />
		<Unit filename="Physics/irrBullet-0.1.9/src/irrBulletcommon.cpp" />
		<Unit filename="Physics/missile.cpp" />
		<Unit filename="Scene/ATMOsphere.cpp" />
		<Unit filename="Scene/BoltSceneNode.cpp" />
		<Unit filename="Scene/BoltSceneNode.h" />
		<Unit filename="Scene/CBeamSceneNode.cpp" />
		<Unit filename="Scene/CBeamSceneNode.h" />
		<Unit filename="Scene/Elevator.cpp" />
		<Unit filename="Scene/Elevator.hpp" />
		<Unit filename="Scene/Flag/CFlagSceneNode.cpp" />
		<Unit filename="Scene/Flag/CFlagSceneNode.h" />
		<Unit filename="Scene/Flag/CWindGen.h" />
		<Unit filename="Scene/Flag/SimpleFlag.h" />
		<Unit filename="Scene/IrrCSG/CSG/CSG.cpp" />
		<Unit filename="Scene/IrrCSG/CSG/CSG.h" />
		<Unit filename="Scene/IrrCSG/CSG/CSGError.cpp" />
		<Unit filename="Scene/IrrCSG/CSG/CSGError.h" />
		<Unit filename="Scene/IrrCSG/CSG/CSGNode.cpp" />
		<Unit filename="Scene/IrrCSG/CSG/CSGNode.h" />
		<Unit filename="Scene/IrrCSG/CSG/CSGPlane.cpp" />
		<Unit filename="Scene/IrrCSG/CSG/CSGPlane.h" />
		<Unit filename="Scene/IrrCSG/CSG/CSGTriangle.cpp" />
		<Unit filename="Scene/IrrCSG/CSG/CSGTriangle.h" />
		<Unit filename="Scene/IrrCSG/CSG/CSGTriangleList.cpp" />
		<Unit filename="Scene/IrrCSG/CSG/CSGTriangleList.h" />
		<Unit filename="Scene/IrrCSG/CSG/CSGVertex.cpp" />
		<Unit filename="Scene/IrrCSG/CSG/CSGVertex.h" />
		<Unit filename="Scene/IrrCSG/CSG/CSGVertexList.cpp" />
		<Unit filename="Scene/IrrCSG/CSG/CSGVertexList.h" />
		<Unit filename="Scene/IrrCSG/CSG/matrix.cpp" />
		<Unit filename="Scene/IrrCSG/CSG/matrix.h" />
		<Unit filename="Scene/IrrCSG/CSG/primitives.cpp" />
		<Unit filename="Scene/IrrCSG/CSG/primitives.h" />
		<Unit filename="Scene/IrrCSG/CSG/vector.cpp" />
		<Unit filename="Scene/IrrCSG/CSG/vector.h" />
		<Unit filename="Scene/IrrCSG/LunaCSG.h" />
		<Unit filename="Scene/Obstacle.cpp" />
		<Unit filename="Scene/Obstacle.hpp" />
		<Unit filename="Scene/PolyVox/include/PolyVoxCore/AStarPathfinder.h" />
		<Unit filename="Scene/PolyVox/include/PolyVoxCore/AmbientOcclusionCalculator.h" />
		<Unit filename="Scene/PolyVox/include/PolyVoxCore/Array.h" />
		<Unit filename="Scene/PolyVox/include/PolyVoxCore/ArraySizes.h" />
		<Unit filename="Scene/PolyVox/include/PolyVoxCore/BaseVolume.h" />
		<Unit filename="Scene/PolyVox/include/PolyVoxCore/ConstVolumeProxy.h" />
		<Unit filename="Scene/PolyVox/include/PolyVoxCore/CubicSurfaceExtractor.h" />
		<Unit filename="Scene/PolyVox/include/PolyVoxCore/CubicSurfaceExtractorWithNormals.h" />
		<Unit filename="Scene/PolyVox/include/PolyVoxCore/DefaultIsQuadNeeded.h" />
		<Unit filename="Scene/PolyVox/include/PolyVoxCore/DefaultMarchingCubesController.h" />
		<Unit filename="Scene/PolyVox/include/PolyVoxCore/Density.h" />
		<Unit filename="Scene/PolyVox/include/PolyVoxCore/GradientEstimators.h" />
		<Unit filename="Scene/PolyVox/include/PolyVoxCore/Impl/AStarPathfinderImpl.h" />
		<Unit filename="Scene/PolyVox/include/PolyVoxCore/Impl/ArraySizesImpl.h" />
		<Unit filename="Scene/PolyVox/include/PolyVoxCore/Impl/Block.h" />
		<Unit filename="Scene/PolyVox/include/PolyVoxCore/Impl/MarchingCubesTables.h" />
		<Unit filename="Scene/PolyVox/include/PolyVoxCore/Impl/RandomUnitVectors.h" />
		<Unit filename="Scene/PolyVox/include/PolyVoxCore/Impl/RandomVectors.h" />
		<Unit filename="Scene/PolyVox/include/PolyVoxCore/Impl/SubArray.h" />
		<Unit filename="Scene/PolyVox/include/PolyVoxCore/Impl/TypeDef.h" />
		<Unit filename="Scene/PolyVox/include/PolyVoxCore/Impl/Utility.h" />
		<Unit filename="Scene/PolyVox/include/PolyVoxCore/Interpolation.h" />
		<Unit filename="Scene/PolyVox/include/PolyVoxCore/IteratorController.h" />
		<Unit filename="Scene/PolyVox/include/PolyVoxCore/LargeVolume.h" />
		<Unit filename="Scene/PolyVox/include/PolyVoxCore/Log.h" />
		<Unit filename="Scene/PolyVox/include/PolyVoxCore/LowPassFilter.h" />
		<Unit filename="Scene/PolyVox/include/PolyVoxCore/MarchingCubesSurfaceExtractor.h" />
		<Unit filename="Scene/PolyVox/include/PolyVoxCore/Material.h" />
		<Unit filename="Scene/PolyVox/include/PolyVoxCore/MaterialDensityPair.h" />
		<Unit filename="Scene/PolyVox/include/PolyVoxCore/MeshDecimator.h" />
		<Unit filename="Scene/PolyVox/include/PolyVoxCore/PolyVoxForwardDeclarations.h" />
		<Unit filename="Scene/PolyVox/include/PolyVoxCore/RawVolume.h" />
		<Unit filename="Scene/PolyVox/include/PolyVoxCore/Raycast.h" />
		<Unit filename="Scene/PolyVox/include/PolyVoxCore/Region.h" />
		<Unit filename="Scene/PolyVox/include/PolyVoxCore/SimpleInterface.h" />
		<Unit filename="Scene/PolyVox/include/PolyVoxCore/SimpleVolume.h" />
		<Unit filename="Scene/PolyVox/include/PolyVoxCore/SurfaceMesh.h" />
		<Unit filename="Scene/PolyVox/include/PolyVoxCore/Vector.h" />
		<Unit filename="Scene/PolyVox/include/PolyVoxCore/VertexTypes.h" />
		<Unit filename="Scene/PolyVox/include/PolyVoxCore/VolumeResampler.h" />
		<Unit filename="Scene/PolyVox/include/PolyVoxCore/VoxelFilters.h" />
		<Unit filename="Scene/PolyVox/source/AStarPathfinder.cpp" />
		<Unit filename="Scene/PolyVox/source/ArraySizes.cpp" />
		<Unit filename="Scene/PolyVox/source/Impl/MarchingCubesTables.cpp" />
		<Unit filename="Scene/PolyVox/source/Impl/RandomUnitVectors.cpp" />
		<Unit filename="Scene/PolyVox/source/Impl/RandomVectors.cpp" />
		<Unit filename="Scene/PolyVox/source/Impl/Utility.cpp" />
		<Unit filename="Scene/PolyVox/source/Log.cpp" />
		<Unit filename="Scene/PolyVox/source/MeshDecimator.cpp" />
		<Unit filename="Scene/PolyVox/source/Region.cpp" />
		<Unit filename="Scene/PolyVox/source/SimpleInterface.cpp" />
		<Unit filename="Scene/PolyVox/source/VertexTypes.cpp" />
		<Unit filename="Scene/PostProcessing/CEffectPostProc.cpp" />
		<Unit filename="Scene/PostProcessing/CEffectPostProc.h" />
		<Unit filename="Scene/PostProcessing/CLensFlarePostProc.cpp" />
		<Unit filename="Scene/PostProcessing/CLensFlarePostProc.h" />
		<Unit filename="Scene/PostProcessing/CRendererPostProc.cpp" />
		<Unit filename="Scene/PostProcessing/CRendererPostProc.h" />
		<Unit filename="Scene/PostProcessing/CShaderCallbacks.h" />
		<Unit filename="Scene/PostProcessing/CSplitPostProc.cpp" />
		<Unit filename="Scene/PostProcessing/CSplitPostProc.h" />
		<Unit filename="Scene/PostProcessing/CTransitionPostProc.cpp" />
		<Unit filename="Scene/PostProcessing/CTransitionPostProc.h" />
		<Unit filename="Scene/PostProcessing/CWaterPostProc.cpp" />
		<Unit filename="Scene/PostProcessing/CWaterPostProc.h" />
		<Unit filename="Scene/PostProcessing/IPostProc.cpp" />
		<Unit filename="Scene/PostProcessing/IPostProc.h" />
		<Unit filename="Scene/PostProcessing/main.cpp" />
		<Unit filename="Scene/PostProcessing/shaders.h" />
		<Unit filename="Scene/RainMan.h" />
		<Unit filename="Scene/RibbonTrailSceneNode/RibbonTrailSceneNode.cpp" />
		<Unit filename="Scene/RibbonTrailSceneNode/RibbonTrailSceneNode.h" />
		<Unit filename="Scene/SPARK/SPK.h" />
		<Unit filename="Scene/SPARK/SPK_All.cpp" />
		<Unit filename="Scene/SPARK/SPK_IRR.h" />
		<Unit filename="Scene/SPARK/SPK_IRR_ALL.cpp" />
		<Unit filename="Scene/Scene.cpp" />
		<Unit filename="Scene/Scene.h" />
		<Unit filename="Scene/ShaderFactory.cpp" />
		<Unit filename="Scene/ShaderFactory.h" />
		<Unit filename="Scene/WhirlSceneNode.cpp" />
		<Unit filename="Scene/WhirlSceneNode.h" />
		<Unit filename="Scene/boids/BoidSceneNode.cpp" />
		<Unit filename="Scene/boids/BoidSceneNode.h" />
		<Unit filename="Scene/boids/Flock.cpp" />
		<Unit filename="Scene/boids/Flock.h" />
		<Unit filename="Scene/decalManager/CBatchingMesh.cpp" />
		<Unit filename="Scene/decalManager/CBatchingMesh.h" />
		<Unit filename="Scene/decalManager/DecalManager.cpp" />
		<Unit filename="Scene/decalManager/DecalManager.h" />
		<Unit filename="Scene/decalManager/DecalSceneNode.cpp" />
		<Unit filename="Scene/decalManager/DecalSceneNode.h" />
		<Unit filename="Scene/decals/decalscenenode.cpp" />
		<Unit filename="Scene/decals/decalscenenode.h" />
		<Unit filename="Scene/flares/CLensFlareSceneNode.cpp" />
		<Unit filename="Scene/flares/CLensFlareSceneNode.h" />
		<Unit filename="Scene/flares/ILensFlareSceneNode.h" />
		<Unit filename="Scene/flares/LensFlareSceneNode.cpp" />
		<Unit filename="Scene/flares/LensFlareSceneNode.h" />
		<Unit filename="Scene/flares/SceneNodeAnimatorFollowCamera.cpp" />
		<Unit filename="Scene/flares/SceneNodeAnimatorFollowCamera.h" />
		<Unit filename="Scene/occlusion/OcclusionCulling.cpp" />
		<Unit filename="Scene/occlusion/OcclusionCulling.h" />
		<Unit filename="Scene/occlusion/Renderer.cpp" />
		<Unit filename="Scene/occlusion/Renderer.h" />
		<Unit filename="Scene/particles.h" />
		<Unit filename="Scene/spriteManager/BmFont.cpp" />
		<Unit filename="Scene/spriteManager/BmFont.h" />
		<Unit filename="Scene/spriteManager/ParticleSystem.cpp" />
		<Unit filename="Scene/spriteManager/ParticleSystem.h" />
		<Unit filename="Scene/spriteManager/PathFinder.cpp" />
		<Unit filename="Scene/spriteManager/PathFinder.h" />
		<Unit filename="Scene/spriteManager/Sprite.cpp" />
		<Unit filename="Scene/spriteManager/Sprite.h" />
		<Unit filename="Scene/spriteManager/SpriteManager.cpp" />
		<Unit filename="Scene/spriteManager/SpriteManager.h" />
		<Unit filename="Scene/spriteManager/Util.h" />
		<Unit filename="Scene/spriteManager/main.cpp" />
		<Unit filename="Scene/tesselatedImage/tesselatedImage.cpp" />
		<Unit filename="Scene/tesselatedImage/tesselatedImage.h" />
		<Unit filename="Scripting/EnviroVegetation.h" />
		<Unit filename="Scripting/Environmental.h" />
		<Unit filename="Scripting/PY_Physics.h" />
		<Unit filename="Scripting/PyCamera.h" />
		<Unit filename="Scripting/PyExtras.h" />
		<Unit filename="Scripting/PyFunctions.h" />
		<Unit filename="Scripting/PyGUI.h" />
		<Unit filename="Scripting/PyImage.h" />
		<Unit filename="Scripting/PyInput.h" />
		<Unit filename="Scripting/PyMAIN.h" />
		<Unit filename="Scripting/PyMath.h" />
		<Unit filename="Scripting/PyNet.h" />
		<Unit filename="Scripting/PyScene.h" />
		<Unit filename="Scripting/PySound.h" />
		<Unit filename="Scripting/PythonManager.h" />
		<Unit filename="Scripting/pyFileIO.h" />
		<Unit filename="Scripting/scriptstring/scriptstring.cpp" />
		<Unit filename="Scripting/scriptstring/scriptstring.h" />
		<Unit filename="Scripting/scriptstring/scriptstring_utils.cpp" />
		<Unit filename="TerrainFactory/CloudSceneNode/CCloudSceneNode.cpp" />
		<Unit filename="TerrainFactory/CloudSceneNode/CCloudSceneNode.h" />
		<Unit filename="TerrainFactory/FWGrass/GrassLoader.cpp" />
		<Unit filename="TerrainFactory/FWGrass/GrassLoader.h" />
		<Unit filename="TerrainFactory/FWGrass/gen/CGrassGenerator.cpp" />
		<Unit filename="TerrainFactory/FWGrass/gen/CGrassGenerator.h" />
		<Unit filename="TerrainFactory/Forest.cpp" />
		<Unit filename="TerrainFactory/Forest.h" />
		<Unit filename="TerrainFactory/ProceduralTrees/CBillboardGroupSceneNode.cpp" />
		<Unit filename="TerrainFactory/ProceduralTrees/CBillboardGroupSceneNode.h" />
		<Unit filename="TerrainFactory/ProceduralTrees/CTreeGenerator.cpp" />
		<Unit filename="TerrainFactory/ProceduralTrees/CTreeGenerator.h" />
		<Unit filename="TerrainFactory/ProceduralTrees/CTreeSceneNode.cpp" />
		<Unit filename="TerrainFactory/ProceduralTrees/CTreeSceneNode.h" />
		<Unit filename="TerrainFactory/ProceduralTrees/kornJungle/Jungle.cpp" />
		<Unit filename="TerrainFactory/ProceduralTrees/kornJungle/Jungle.h" />
		<Unit filename="TerrainFactory/ProceduralTrees/kornJungle/JungleChunk.cpp" />
		<Unit filename="TerrainFactory/ProceduralTrees/kornJungle/JungleChunk.h" />
		<Unit filename="TerrainFactory/ProceduralTrees/kornJungle/TreeSeed.cpp" />
		<Unit filename="TerrainFactory/ProceduralTrees/kornJungle/TreeSeed.h" />
		<Unit filename="TerrainFactory/Terrain.cpp" />
		<Unit filename="TerrainFactory/Terrain.h" />
		<Unit filename="TerrainFactory/Vegetation/IGE_SceneNode_Vegetation.cpp" />
		<Unit filename="TerrainFactory/Vegetation/IGE_SceneNode_Vegetation.h" />
		<Unit filename="TerrainFactory/WaterNode/CReflectedWater.cpp" />
		<Unit filename="TerrainFactory/WaterNode/CReflectedWater.h" />
		<Unit filename="TerrainFactory/WaterNode/CReflectedWater_ShaderCode.h" />
		<Unit filename="TerrainFactory/open-simplex-noise.c">
			<Option compilerVar="CC" />
		</Unit>
		<Unit filename="TerrainFactory/open-simplex-noise.h" />
		<Unit filename="TerrainFactory/paulo.cpp" />
		<Unit filename="TerrainFactory/realCloud/CloudSceneNode.cpp" />
		<Unit filename="TerrainFactory/realCloud/CloudSceneNode.h" />
		<Unit filename="TerrainFactory/tilegrid.h" />
		<Unit filename="TerrainFactory/water/RealisticWater.cpp" />
		<Unit filename="TerrainFactory/water/RealisticWater.h" />
		<Unit filename="TidBits.cpp" />
		<Unit filename="config.h" />
		<Unit filename="entities/AI/backpropigation.h" />
		<Unit filename="entities/AI/miNav/main.cpp" />
		<Unit filename="entities/AI/miNav/miNav.cpp" />
		<Unit filename="entities/AI/miNav/miNav.h" />
		<Unit filename="entities/AI/recast/DebugUtils/Source/DebugDraw.cpp" />
		<Unit filename="entities/AI/recast/DebugUtils/Source/RecastDebugDraw.cpp" />
		<Unit filename="entities/AI/recast/DebugUtils/Source/RecastDump.cpp" />
		<Unit filename="entities/AI/recast/Detour/Include/DetourAlloc.h" />
		<Unit filename="entities/AI/recast/Detour/Include/DetourAssert.h" />
		<Unit filename="entities/AI/recast/Detour/Include/DetourCommon.h" />
		<Unit filename="entities/AI/recast/Detour/Include/DetourNavMesh.h" />
		<Unit filename="entities/AI/recast/Detour/Include/DetourNavMeshBuilder.h" />
		<Unit filename="entities/AI/recast/Detour/Include/DetourNavMeshQuery.h" />
		<Unit filename="entities/AI/recast/Detour/Include/DetourNode.h" />
		<Unit filename="entities/AI/recast/Detour/Include/DetourStatus.h" />
		<Unit filename="entities/AI/recast/Detour/Source/DetourAlloc.cpp" />
		<Unit filename="entities/AI/recast/Detour/Source/DetourCommon.cpp" />
		<Unit filename="entities/AI/recast/Detour/Source/DetourNavMesh.cpp" />
		<Unit filename="entities/AI/recast/Detour/Source/DetourNavMeshBuilder.cpp" />
		<Unit filename="entities/AI/recast/Detour/Source/DetourNavMeshQuery.cpp" />
		<Unit filename="entities/AI/recast/Detour/Source/DetourNode.cpp" />
		<Unit filename="entities/AI/recast/Recast/Source/Recast.cpp" />
		<Unit filename="entities/AI/recast/Recast/Source/RecastAlloc.cpp" />
		<Unit filename="entities/AI/recast/Recast/Source/RecastArea.cpp" />
		<Unit filename="entities/AI/recast/Recast/Source/RecastContour.cpp" />
		<Unit filename="entities/AI/recast/Recast/Source/RecastFilter.cpp" />
		<Unit filename="entities/AI/recast/Recast/Source/RecastLayers.cpp" />
		<Unit filename="entities/AI/recast/Recast/Source/RecastMesh.cpp" />
		<Unit filename="entities/AI/recast/Recast/Source/RecastMeshDetail.cpp" />
		<Unit filename="entities/AI/recast/Recast/Source/RecastRasterization.cpp" />
		<Unit filename="entities/AI/recast/Recast/Source/RecastRegion.cpp" />
		<Unit filename="entities/AI/recast/RecastDemo/Source/PerfTimer.cpp" />
		<Unit filename="entities/AI/recast/RecastDemo/Source/SampleInterfaces.cpp" />
		<Unit filename="entities/AI/recast_util.cpp" />
		<Unit filename="entities/AI/recast_util.h" />
		<Unit filename="entities/AI/recastmain.cpp" />
		<Unit filename="entities/OpenSteer/cMeshTool.cpp" />
		<Unit filename="entities/OpenSteer/cMeshTool.h" />
		<Unit filename="entities/OpenSteer/cOpenSteerDemo.cpp" />
		<Unit filename="entities/OpenSteer/cOpenSteerDemo.h" />
		<Unit filename="entities/OpenSteer/plugins/1-OneTurning/cOneTurning.cpp" />
		<Unit filename="entities/OpenSteer/plugins/1-OneTurning/cOneTurning.h" />
		<Unit filename="entities/OpenSteer/plugins/1-OneTurning/cOneTurningPlugIn.cpp" />
		<Unit filename="entities/OpenSteer/plugins/1-OneTurning/cOneTurningPlugIn.h" />
		<Unit filename="entities/OpenSteer/plugins/2-LowSpeedTurn/cLowSpeedTurn.cpp" />
		<Unit filename="entities/OpenSteer/plugins/2-LowSpeedTurn/cLowSpeedTurn.h" />
		<Unit filename="entities/OpenSteer/plugins/2-LowSpeedTurn/cLowSpeedTurnPlugIn.cpp" />
		<Unit filename="entities/OpenSteer/plugins/2-LowSpeedTurn/cLowSpeedTurnPlugIn.h" />
		<Unit filename="entities/OpenSteer/plugins/3-Boids/cBoids.cpp" />
		<Unit filename="entities/OpenSteer/plugins/3-Boids/cBoids.h" />
		<Unit filename="entities/OpenSteer/plugins/3-Boids/cBoidsPlugIn.cpp" />
		<Unit filename="entities/OpenSteer/plugins/3-Boids/cBoidsPlugIn.h" />
		<Unit filename="entities/OpenSteer/plugins/4-MultiplePursuit/cMultiplePursuit.cpp" />
		<Unit filename="entities/OpenSteer/plugins/4-MultiplePursuit/cMultiplePursuit.h" />
		<Unit filename="entities/OpenSteer/plugins/4-MultiplePursuit/cMultiplePursuitPlugIn.cpp" />
		<Unit filename="entities/OpenSteer/plugins/4-MultiplePursuit/cMultiplePursuitPlugIn.h" />
		<Unit filename="entities/OpenSteer/plugins/6-Pedestrian/cPedestrian.cpp" />
		<Unit filename="entities/OpenSteer/plugins/6-Pedestrian/cPedestrian.h" />
		<Unit filename="entities/OpenSteer/plugins/6-Pedestrian/cPedestrianPlugIn.cpp" />
		<Unit filename="entities/OpenSteer/plugins/6-Pedestrian/cPedestrianPlugIn.h" />
		<Unit filename="entities/OpenSteer/plugins/7-PedestriansWalkingAnEight/cPedestriansWalkingAnEight.cpp" />
		<Unit filename="entities/OpenSteer/plugins/7-PedestriansWalkingAnEight/cPedestriansWalkingAnEight.h" />
		<Unit filename="entities/OpenSteer/plugins/7-PedestriansWalkingAnEight/cPedestriansWalkingAnEightPlugIn.cpp" />
		<Unit filename="entities/OpenSteer/plugins/7-PedestriansWalkingAnEight/cPedestriansWalkingAnEightPlugIn.h" />
		<Unit filename="entities/OpenSteer/plugins/8-CaptureTheFlag/cCaptureTheFlag.cpp" />
		<Unit filename="entities/OpenSteer/plugins/8-CaptureTheFlag/cCaptureTheFlag.h" />
		<Unit filename="entities/OpenSteer/plugins/8-CaptureTheFlag/cCaptureTheFlagPlugIn.cpp" />
		<Unit filename="entities/OpenSteer/plugins/8-CaptureTheFlag/cCaptureTheFlagPlugIn.h" />
		<Unit filename="entities/OpenSteer/plugins/9-MapDrive/cMapDrive.cpp" />
		<Unit filename="entities/OpenSteer/plugins/9-MapDrive/cMapDrive.h" />
		<Unit filename="entities/OpenSteer/plugins/9-MapDrive/cMapDrivePlugIn.cpp" />
		<Unit filename="entities/OpenSteer/plugins/9-MapDrive/cMapDrivePlugIn.h" />
		<Unit filename="entities/chopper_control.cpp" />
		<Unit filename="entities/chopper_control.h" />
		<Unit filename="entities/player.cpp" />
		<Unit filename="entities/player.h" />
		<Unit filename="entities/skeleton/BMaths.cpp" />
		<Unit filename="entities/skeleton/BMaths.h" />
		<Unit filename="entities/skeleton/Skeleton.cpp" />
		<Unit filename="entities/skeleton/Skeleton.h" />
		<Unit filename="media/8ball.pys" />
		<Unit filename="media/LoaderGUI.pys" />
		<Unit filename="media/PirateSlotMachine.pys" />
		<Unit filename="media/atest.pys" />
		<Unit filename="media/frogger.pys" />
		<Unit filename="media/functions-list.pys" />
		<Unit filename="media/gameloader.pys" />
		<Unit filename="media/keys.pys" />
		<Unit filename="media/main.pys" />
		<Unit filename="media/net.pys" />
		<Unit filename="media/webserver.pys" />
		<Extensions>
			<DoxyBlocks>
				<comment_style block="0" line="0" />
				<doxyfile_project />
				<doxyfile_build />
				<doxyfile_warnings />
				<doxyfile_output />
				<doxyfile_dot />
				<general />
			</DoxyBlocks>
		</Extensions>
	</Project>
</CodeBlocks_project_file>
