<?xml version="1.0" encoding="UTF-8" standalone="yes" ?>
<CodeBlocks_project_file>
	<FileVersion major="1" minor="6" />
	<Project>
		<Option title="Luna-Engine" />
		<Option makefile="makefile" />
		<Option pch_mode="0" />
		<Option default_target="Linux Debug" />
		<Option compiler="gcc" />
		<Build>
			<Target title="Linux Debug">
				<Option output="./GAME/Luna" prefix_auto="0" extension_auto="0" />
				<Option working_dir="GAME" />
				<Option object_output=".dobjs" />
				<Option type="1" />
				<Option compiler="gcc" />
				<Option use_console_runner="0" />
				<Option projectResourceIncludeDirsRelation="1" />
				<Compiler>
					<Add directory="../libs/ffmpeg/libavcodec" />
					<Add directory="../libs/ffmpeg/libavformat" />
					<Add directory="../libs/ffmpeg" />
					<Add directory="../libs/ffmpeg/libswscale" />
					<Add directory="../libs/ffmpeg/libavutil" />
					<Add directory="../libs/ffmpeg/libavdevice" />
					<Add directory="../libs/net/irrNetLite21" />
					<Add directory="../libs/net/enet/include" />
					<Add directory="../libs/bullet-2.75/src" />
					<Add directory="../libs/freetype-2.3.9/include" />
					<Add directory="../libs/net/enet-1.2.1" />
					<Add directory="FileSystem/readblend" />
					<Add directory="../libs/cAudio2/include" />
					<Add directory="../libs/libtheora-1.1.1/include/theora" />
					<Add directory="/home/Dev/libs/Media/libtheoraplayer/include" />
					<Add directory="/usr/include/AL" />
				</Compiler>
				<Linker>
					<Add library="Xxf86vm" />
					<Add library="bz2" />
					<Add library="avutil" />
					<Add library="irrNetLite21" />
					<Add library="pthread" />
					<Add library="theora" />
					<Add library="theoraplayer" />
					<Add library="X11" />
					<Add library="enet" />
					<Add library="irrnet" />
					<Add directory="/home/Dev/libs/scripting/Python-2.6.2/Lib" />
					<Add directory="../libs/ffmpeg/libavcodec" />
					<Add directory="../libs/ffmpeg/libavformat" />
					<Add directory="../libs/ffmpeg/libswscale" />
					<Add directory="../libs/ffmpeg/libavutil" />
					<Add directory="../libs/ffmpeg/libavdevice" />
					<Add directory="../libs/freetype-2.3.9/objs/.libs" />
					<Add directory="../libs/net/enet-1.2.1" />
					<Add directory="../libs/net/irrNetLite21" />
					<Add directory="../libs/bullet-2.75/src/BulletDynamics" />
					<Add directory="../libs/bullet-2.75/src/BulletSoftBody" />
					<Add directory="../libs/bullet-2.75/src/BulletCollision" />
					<Add directory="../libs/bullet-2.75/src/LinearMath" />
					<Add directory="../libs/cAudio2/bin/gcc" />
					<Add directory="../libs/Compiled/Linux" />
					<Add directory="/home/Dev/libs/Media/libtheoraplayer/bin/.libs" />
				</Linker>
			</Target>
			<Target title="Linux Release">
				<Option output="./GAME/dLuna" prefix_auto="0" extension_auto="0" />
				<Option working_dir="./GAME/" />
				<Option type="1" />
				<Option compiler="gcc" />
				<Option use_console_runner="0" />
				<Option projectResourceIncludeDirsRelation="0" />
				<Compiler>
					<Add option="-O2" />
					<Add option="-DNDEBUG" />
					<Add directory="/home/Dev/libs/scripting/Python-2.6.2/" />
					<Add directory="/home/Dev/libs/scripting/Python-2.6.2/Include" />
					<Add directory="../libs/ffmpeg/libavcodec" />
					<Add directory="../libs/ffmpeg/libavformat" />
					<Add directory="../libs/ffmpeg" />
					<Add directory="../libs/ffmpeg/libswscale" />
					<Add directory="../libs/ffmpeg/libavutil" />
					<Add directory="../libs/ffmpeg/libavdevice" />
					<Add directory="../libs/net/irrNetLite21" />
					<Add directory="../libs/net/enet/include" />
					<Add directory="../libs/bullet-2.75/src" />
					<Add directory="../libs/freetype-2.3.9/include" />
					<Add directory="../libs/net/enet-1.2.1" />
					<Add directory="FileSystem/readblend" />
					<Add directory="../libs/cAudio2/include" />
					<Add directory="/home/Dev/libs/game/irrlicht/irrlicht-1.7.3" />
					<Add directory="./entities/AI/recast/RecastDemo/Include" />
					<Add directory="./entities/AI/recast/DebugUtils/Include" />
					<Add directory="./entities/AI/recast/Recast/Include" />
					<Add directory="./entities/AI/recast/Detour/Include" />
					<Add directory="./entities/AI/recast/DetourCrowd/Include" />
					<Add directory="./entities/AI/recast/DetourTileCache/Include" />
					<Add directory="../libs/libIrrOpenSteer_10-02-15/include" />
					<Add directory="/home/Dev/libs/game/irrlicht/irrlicht-1.7.3/include" />
				</Compiler>
				<Linker>
					<Add option="-s" />
					<Add library="avutil" />
					<Add library="theora" />
					<Add library="theoraplayer" />
					<Add library="Xxf86vm" />
					<Add library="pthread" />
					<Add library="Xcursor" />
					<Add library="X11" />
					<Add library="dl" />
					<Add library="irrnet" />
					<Add library="enet" />
					<Add library="python2.7" />
					<Add library="Recast" />
					<Add library="Detour" />
					<Add library="DebugUtils" />
					<Add library="DetourCrowd" />
					<Add library="DetourTileCache" />
					<Add library="IrrOpenSteer" />
					<Add library="bz2" />
					<Add directory="/home/Dev/libs/scripting/Python-2.6.2/Lib" />
					<Add directory="../libs/ffmpeg/libavcodec" />
					<Add directory="../libs/ffmpeg/libavformat" />
					<Add directory="../libs/ffmpeg/libswscale" />
					<Add directory="../libs/ffmpeg/libavutil" />
					<Add directory="../libs/ffmpeg/libavdevice" />
					<Add directory="../libs/freetype-2.3.9/objs/.libs" />
					<Add directory="../libs/net/enet-1.2.1" />
					<Add directory="../libs/net/irrNetLite21" />
					<Add directory="../libs/bullet-2.75/src/BulletDynamics" />
					<Add directory="../libs/bullet-2.75/src/BulletSoftBody" />
					<Add directory="../libs/bullet-2.75/src/BulletCollision" />
					<Add directory="../libs/bullet-2.75/src/LinearMath" />
					<Add directory="../libs/cAudio2/bin/gcc" />
					<Add directory="/home/Dev/libs/game/irrlicht/irrlicht-1.7.3" />
					<Add directory="/home/Dev/libs/game/irrlicht/irrlicht-1.7.3/lib/Linux" />
				</Linker>
			</Target>
			<Target title="WinDebug">
				<Option output="./GAME/Luna_win.exe" prefix_auto="0" extension_auto="0" />
				<Option working_dir="./GAME/" />
				<Option type="1" />
				<Option compiler="gcc" />
				<Option use_console_runner="0" />
				<Option projectIncludeDirsRelation="1" />
				<Option projectResourceIncludeDirsRelation="0" />
				<Option projectLibDirsRelation="1" />
				<Compiler>
					<Add directory="../libs/pthreads-w32-2-8-0-release" />
					<Add directory="../libs/bullet-2.75/src" />
					<Add directory="../libs/libogg-1.1.4/include" />
					<Add directory="../libs/libvorbis-1.2.3/include" />
					<Add directory="../libs/freetype-2.3.9/include" />
					<Add directory="C:/Program Files/OpenAL 1.1 SDK" />
					<Add directory="../libs/net/enet-1.2.1/include" />
					<Add directory="../libs/net/irrNetLite21" />
					<Add directory="../libs/ffmpeg-0.5/libavcodec" />
					<Add directory="../libs/ffmpeg-0.5/libavdevice" />
					<Add directory="../libs/ffmpeg-0.5/" />
					<Add directory="../libs/ffmpeg-0.5/libavformat" />
					<Add directory="../libs/ffmpeg-0.5/libswscale" />
					<Add directory="C:/Program Files/Python2.6/include" />
					<Add directory="../libs/cAudio2/include" />
					<Add directory="../libs/net/syncsys/include" />
					<Add directory="../libs/angelscript/include" />
					<Add directory="../libs/angelscript" />
					<Add directory="../libs/SparkEngine/include" />
				</Compiler>
				<Linker>
					<Add library="OpenAL32" />
					<Add library="WSock32" />
					<Add library="Winmm" />
					<Add library="python26" />
					<Add library="pthreads" />
					<Add library="cAudio" />
					<Add directory="../libs/bullet-2.75/out/release71/libs" />
					<Add directory="../libs/irrlicht-1.6/lib/Win32-gcc" />
					<Add directory="C:/Program Files/OpenAL 1.1 SDK/libs/Win32" />
					<Add directory="../libs/libogg-1.1.4/" />
					<Add directory="../libs/libvorbis-1.2.3/" />
					<Add directory="../libs/freetype-2.3.9" />
					<Add directory="../libs/pthreads-w32-2-8-0-release" />
					<Add directory="../libs/net/irrNetLite21" />
					<Add directory="../libs/net/enet-1.2.1" />
					<Add directory="C:/Program Files/Python2.6/libs" />
					<Add directory="C:/Dev/Agnostic/Libs/bullet/out/release8/libs" />
					<Add directory="../libs/net/enet-1.2/bin/Debug" />
					<Add directory="../libs/cAudio2/bin/win32-gcc" />
					<Add directory="../libs/angelscript" />
					<Add directory="../libs/zlib-1.2.3" />
					<Add directory="../libs/SparkEngine/lib/mingw/static" />
				</Linker>
			</Target>
			<Target title="WinRelease">
				<Option output="./GAME/Azadi.exe" prefix_auto="0" extension_auto="0" />
				<Option working_dir="./GAME/" />
				<Option type="1" />
				<Option compiler="gcc" />
				<Option use_console_runner="0" />
				<Option projectResourceIncludeDirsRelation="0" />
				<Compiler>
					<Add option="-march=pentium3" />
					<Add option="-O2" />
					<Add option="-DNDEBUG" />
					<Add directory="../libs/pthreads-w32-2-8-0-release" />
					<Add directory="../libs/bullet/src" />
					<Add directory="../libs/libogg-1.1.4/include" />
					<Add directory="../libs/libvorbis-1.2.3/include" />
					<Add directory="../libs/freetype-2.3.9/include" />
					<Add directory="C:/Program Files/OpenAL 1.1 SDK" />
					<Add directory="../libs/net/enet-1.2.1/include" />
					<Add directory="../libs/net/irrNetLite21" />
					<Add directory="../libs/ffmpeg-0.5/libavcodec" />
					<Add directory="../libs/ffmpeg-0.5/libavdevice" />
					<Add directory="../libs/ffmpeg-0.5/" />
					<Add directory="../libs/ffmpeg-0.5/libavformat" />
					<Add directory="../libs/ffmpeg-0.5/libswscale" />
					<Add directory="C:/Program Files/Python2.6/include" />
					<Add directory="../libs/cAudio2/include" />
				</Compiler>
				<Linker>
					<Add option="-s" />
					<Add library="OpenAL32" />
					<Add library="WSock32" />
					<Add library="Winmm" />
					<Add library="python26" />
					<Add library="irrnet" />
					<Add library="pthreads" />
					<Add library="cAudio" />
					<Add directory="../libs/bullet/out/release8/libs" />
					<Add directory="C:/Program Files/OpenAL 1.1 SDK/libs/Win32" />
					<Add directory="../libs/libogg-1.1.4/" />
					<Add directory="../libs/libvorbis-1.2.3/" />
					<Add directory="../libs/freetype-2.3.9" />
					<Add directory="../libs/pthreads-w32-2-8-0-release" />
					<Add directory="../libs/net/irrNetLite21" />
					<Add directory="../libs/net/enet-1.2.1/bin/Release" />
					<Add directory="C:/Program Files/Python2.6/libs" />
					<Add directory="C:/Dev/Agnostic/Libs/bullet/out/release8/libs" />
					<Add directory="../libs/net/enet-1.2/bin/Debug" />
				</Linker>
			</Target>
			<Target title="mineDBG">
				<Option output="./GAME/mdLuna" prefix_auto="0" extension_auto="0" />
				<Option working_dir="GAME" />
				<Option object_output=".mdobjs" />
				<Option type="1" />
				<Option compiler="gcc" />
				<Option projectResourceIncludeDirsRelation="1" />
				<Compiler>
					<Add option="-fpermissive" />
					<Add directory="../libs/ffmpeg/libavcodec" />
					<Add directory="../libs/ffmpeg/libavformat" />
					<Add directory="../libs/ffmpeg" />
					<Add directory="../libs/ffmpeg/libswscale" />
					<Add directory="../libs/ffmpeg/libavutil" />
					<Add directory="../libs/ffmpeg/libavdevice" />
					<Add directory="../Irrlicht/source/Irrlicht" />
					<Add directory="../libs/Irrlicht/include" />
					<Add directory="../libs/net/irrNetLite21" />
					<Add directory="../libs/bullet3/src" />
					<Add directory="../libs/freetype-2.3.9/include" />
					<Add directory="../libs/net/enet-1.2.1/include" />
					<Add directory="FileSystem/readblend" />
					<Add directory="../libs/libtheora-1.1.1/include/theora" />
					<Add directory="../libs/libtheoraplayer/include" />
					<Add directory="/usr/include/AL" />
					<Add directory="/usr/include/python" />
					<Add directory="./entities/AI/recast/RecastDemo/Include" />
					<Add directory="./entities/AI/recast/DebugUtils/Include" />
					<Add directory="./entities/AI/recast/Recast/Include" />
					<Add directory="./entities/AI/recast/Detour/Include" />
					<Add directory="./entities/AI/recast/DetourCrowd/Include" />
					<Add directory="./entities/AI/recast/DetourTileCache/Include" />
					<Add directory="../libs/libIrrOpenSteer_10-02-15/include" />
					<Add directory="../libs/assimp-git/include" />
				</Compiler>
				<Linker>
					<Add library="GL" />
					<Add library="openal" />
					<Add library="Xxf86vm" />
					<Add library="Xcursor" />
					<Add library="X11" />
					<Add library="dl" />
					<Add library="irrnet" />
					<Add library="enet" />
					<Add library="python2.7" />
					<Add library="IrrOpenSteer" />
					<Add library="pthread" />
					<Add library="theora" />
					<Add library="theoraplayer" />
					<Add library="assimp" />
					<Add library="bluetooth" />
					<Add directory="../libs/freetype-2.3.9/objs/.libs" />
					<Add directory="../libs/net/enet-1.2.1" />
					<Add directory="../libs/bullet3/src/BulletDynamics" />
					<Add directory="../libs/bullet3/src/BulletSoftBody" />
					<Add directory="../libs/bullet3/src/BulletCollision" />
					<Add directory="../libs/bullet3/src/LinearMath" />
					<Add directory="../libs/Irrlicht/lib/Linux" />
					<Add directory="../libs/Compiled/Linux" />
					<Add directory="../libs/theoraplayer/bin/Linux" />
					<Add directory="../libs/net/irrNetLite21" />
					<Add directory="../libs/RecastNavigation/DebugUtils/" />
					<Add directory="../libs/RecastNavigation/Recast" />
					<Add directory="../libs/RecastNavigation/DetourCrowd" />
					<Add directory="../libs/RecastNavigation/DetourTileCache" />
					<Add directory="../libs/RecastNavigation/Detour" />
					<Add directory="../libs/libIrrOpenSteer_10-02-15/lib" />
					<Add directory="./entities/AI/recast/DebugUtils/Include/" />
					<Add directory="../libs/assimp-git/lib" />
					<Add directory="../libs/zlib-1.2.3" />
					<Add directory="../libs/cAudio23/bin/gcc" />
					<Add directory="../libs/libtheoraplayer/src/.libs" />
				</Linker>
			</Target>
			<Target title="mineREL">
				<Option output="./GAME/mLuna" prefix_auto="0" extension_auto="0" />
				<Option working_dir="GAME" />
				<Option object_output=".mobjs" />
				<Option type="1" />
				<Option compiler="gcc" />
				<Option use_console_runner="0" />
				<Option projectResourceIncludeDirsRelation="1" />
				<Compiler>
					<Add option="-DNDEBUG" />
					<Add directory="/home/Dev/libs/game/Irrlicht-SVN/source/Irrlicht" />
					<Add directory="/home/Dev/libs/game/Irrlicht-SVN/include" />
					<Add directory="../libs/net/irrNetLite21" />
					<Add directory="../libs/net/enet/include" />
					<Add directory="/home/Dev/libs/physics/bullet-2.75/src" />
					<Add directory="../libs/freetype-2.3.9/include" />
					<Add directory="../libs/net/enet-1.2.1" />
					<Add directory="FileSystem/readblend" />
					<Add directory="../../../../Dev/libs/Media/cAudio/cAudio-SVN/include" />
					<Add directory="/usr/include/AL" />
					<Add directory="/usr/include/python2.7" />
					<Add directory="../libs/RecastNavigation/RecastDemo/Include" />
					<Add directory="../libs/RecastNavigation/DebugUtils/Include" />
					<Add directory="../libs/RecastNavigation/Recast/Include" />
					<Add directory="../libs/RecastNavigation/Detour/Include" />
					<Add directory="../libs/RecastNavigation/DetourCrowd/Include" />
					<Add directory="../libs/RecastNavigation/DetourTileCache/Include" />
					<Add directory="../libs/libIrrOpenSteer_10-02-15/include" />
					<Add directory="./entities/AI/recast/RecastDemo/Include" />
					<Add directory="./entities/AI/recast/DebugUtils/Include" />
					<Add directory="./entities/AI/recast/Recast/Include" />
					<Add directory="./entities/AI/recast/Detour/Include" />
					<Add directory="./entities/AI/recast/DetourCrowd/Include" />
					<Add directory="./entities/AI/recast/DetourTileCache/Include" />
				</Compiler>
				<Linker>
					<Add library="GL" />
					<Add library="Xxf86vm" />
					<Add library="pthread" />
					<Add library="Xcursor" />
					<Add library="X11" />
					<Add library="dl" />
					<Add library="irrnet" />
					<Add library="enet" />
					<Add library="python2.7" />
					<Add library="Recast" />
					<Add library="Detour" />
					<Add library="DebugUtils" />
					<Add library="DetourCrowd" />
					<Add library="DetourTileCache" />
					<Add library="IrrOpenSteer" />
					<Add library="bz2" />
					<Add directory="../libs/freetype-2.3.9/objs/.libs" />
					<Add directory="../libs/net/enet-1.2.1" />
					<Add directory="/home/Dev/libs/physics/bullet-2.75/src/BulletDynamics" />
					<Add directory="/home/Dev/libs/physics/bullet-2.75/src/BulletSoftBody" />
					<Add directory="/home/Dev/libs/physics/bullet-2.75/src/BulletCollision" />
					<Add directory="/home/Dev/libs/physics/bullet-2.75/src/LinearMath" />
					<Add directory="/home/Dev/libs/game/Irrlicht-SVN/lib/Linux" />
					<Add directory="../libs/Compiled/Linux" />
					<Add directory="/home/Dev/libs/Media/libtheoraplayer/bin/" />
					<Add directory="../libs/net/irrNetLite21" />
					<Add directory="../libs/RecastNavigation/DebugUtils/" />
					<Add directory="../libs/RecastNavigation/Recast" />
					<Add directory="../libs/RecastNavigation/DetourCrowd" />
					<Add directory="../libs/RecastNavigation/DetourTileCache" />
					<Add directory="../libs/RecastNavigation/Detour" />
					<Add directory="../libs/libIrrOpenSteer_10-02-15/lib" />
					<Add directory="../libs/cAudio23/bin/gcc" />
				</Linker>
			</Target>
			<Target title="1.7.3 debug">
				<Option output="../mdLuna173" prefix_auto="0" extension_auto="0" />
				<Option working_dir="../" />
				<Option object_output=".173mdobjs" />
				<Option type="1" />
				<Option compiler="gcc" />
				<Option use_console_runner="0" />
				<Option projectResourceIncludeDirsRelation="1" />
				<Compiler>
					<Add option="-fpermissive" />
					<Add option="-Dirrlicht17" />
					<Add directory="../libs/ffmpeg/libavcodec" />
					<Add directory="../libs/ffmpeg/libavformat" />
					<Add directory="../libs/ffmpeg" />
					<Add directory="../libs/ffmpeg/libswscale" />
					<Add directory="../libs/ffmpeg/libavutil" />
					<Add directory="../libs/ffmpeg/libavdevice" />
					<Add directory="/home/Dev/libs/game/irrlicht/irrlicht-1.7.3/source/irrlicht" />
					<Add directory="/home/Dev/libs/game/irrlicht/irrlicht-1.7.3/include" />
					<Add directory="../libs/net/irrNetLite21" />
					<Add directory="../libs/net/enet/include" />
					<Add directory="/home/Dev/libs/physics/bullet-2.75/src" />
					<Add directory="../libs/freetype-2.3.9/include" />
					<Add directory="../libs/net/enet-1.2.1" />
					<Add directory="FileSystem/readblend" />
					<Add directory="../libs/cAudio2/include" />
					<Add directory="../libs/libtheora-1.1.1/include/theora" />
					<Add directory="/home/Dev/libs/Media/libtheoraplayer/include" />
					<Add directory="/usr/include/AL" />
					<Add directory="/home/Dev/libs/Media/cAudio/cAudio/cAudio/include" />
					<Add directory="/usr/include/python2.7" />
					<Add directory="./entities/AI/recast/RecastDemo/Include" />
					<Add directory="./entities/AI/recast/DebugUtils/Include" />
					<Add directory="./entities/AI/recast/Recast/Include" />
					<Add directory="./entities/AI/recast/Detour/Include" />
					<Add directory="./entities/AI/recast/DetourCrowd/Include" />
					<Add directory="./entities/AI/recast/DetourTileCache/Include" />
					<Add directory="../libs/libIrrOpenSteer_10-02-15/include" />
				</Compiler>
				<Linker>
					<Add library="GL" />
					<Add library="cAudio" />
					<Add library="openal" />
					<Add library="avutil" />
					<Add library="theora" />
					<Add library="theoraplayer" />
					<Add library="Xxf86vm" />
					<Add library="pthread" />
					<Add library="Xcursor" />
					<Add library="X11" />
					<Add library="dl" />
					<Add library="irrnet" />
					<Add library="enet" />
					<Add library="python2.7" />
					<Add library="Recast" />
					<Add library="Detour" />
					<Add library="DebugUtils" />
					<Add library="DetourCrowd" />
					<Add library="DetourTileCache" />
					<Add library="IrrOpenSteer" />
					<Add directory="/home/Dev/libs/scripting/Python-2.6.2/Lib" />
					<Add directory="../libs/ffmpeg/libavcodec" />
					<Add directory="../libs/ffmpeg/libavformat" />
					<Add directory="../libs/ffmpeg/libswscale" />
					<Add directory="../libs/ffmpeg/libavutil" />
					<Add directory="../libs/ffmpeg/libavdevice" />
					<Add directory="../libs/freetype-2.3.9/objs/.libs" />
					<Add directory="../libs/net/enet-1.2.1" />
					<Add directory="/home/Dev/libs/physics/bullet-2.75/src/BulletDynamics" />
					<Add directory="/home/Dev/libs/physics/bullet-2.75/src/BulletSoftBody" />
					<Add directory="/home/Dev/libs/physics/bullet-2.75/src/BulletCollision" />
					<Add directory="/home/Dev/libs/physics/bullet-2.75/src/LinearMath" />
					<Add directory="../libs/Compiled/Linux" />
					<Add directory="/home/Dev/libs/Media/libtheoraplayer/bin/" />
					<Add directory="/home/Dev/libs/Media/cAudio/cAudio/cAudio" />
					<Add directory="../libs/net/irrNetLite21" />
					<Add directory="../libs/RecastNavigation/DebugUtils/" />
					<Add directory="../libs/RecastNavigation/Recast" />
					<Add directory="../libs/RecastNavigation/DetourCrowd" />
					<Add directory="../libs/RecastNavigation/DetourTileCache" />
					<Add directory="../libs/RecastNavigation/Detour" />
					<Add directory="../libs/libIrrOpenSteer_10-02-15/lib" />
					<Add directory="/home/Dev/libs/game/irrlicht/irrlicht-1.7.3" />
					<Add directory="/home/Dev/libs/game/irrlicht/irrlicht-1.7.3/lib/Linux" />
				</Linker>
			</Target>
		</Build>
		<VirtualTargets>
			<Add alias="All" targets="Linux Debug;Linux Release;" />
		</VirtualTargets>
		<Compiler>
			<Add option="-DPARTICLES" />
			<Add directory="Scene/SPARK" />
			<Add directory="../libs/angelscript/include" />
			<Add directory="../libs/angelscript/" />
			<Add directory="./entities/AI/recast/DebugUtils/Include/" />
			<Add directory="../libs/ffmpeg/libavcodec" />
			<Add directory="../libs/ffmpeg/libavformat" />
			<Add directory="../libs/ffmpeg" />
			<Add directory="../libs/ffmpeg/libswscale" />
			<Add directory="../libs/ffmpeg/libavutil" />
			<Add directory="../libs/ffmpeg/libavdevice" />
			<Add directory="../libs/cAudio23/include" />
			<Add directory="../libs/cAudio23/cAudio/include" />
			<Add directory="../Irrlicht/source/Irrlicht" />
			<Add directory="../libs/net/irrNetLite21" />
			<Add directory="../libs/net/enet/include" />
			<Add directory="../libs/bullet3/src" />
			<Add directory="../libs/freetype-2.3.9/include" />
			<Add directory="../libs/net/enet-1.2.1" />
			<Add directory="FileSystem/readblend" />
			<Add directory="../libs/libtheora-1.1.1/include/theora" />
			<Add directory="../libs/libtheoraplayer/include" />
			<Add directory="/usr/include/AL" />
			<Add directory="/usr/include/python" />
			<Add directory="./entities/AI/recast/RecastDemo/Include" />
			<Add directory="./entities/AI/recast/DebugUtils/Include" />
			<Add directory="./entities/AI/recast/Recast/Include" />
			<Add directory="./entities/AI/recast/Detour/Include" />
			<Add directory="./entities/AI/recast/DetourCrowd/Include" />
			<Add directory="./entities/AI/recast/DetourTileCache/Include" />
			<Add directory="../libs/libIrrOpenSteer_10-02-15/include" />
			<Add directory="../libs/assimp-git/include" />
		</Compiler>
		<Linker>
			<Add library="Irrlicht" />
			<Add library="BulletSoftBody" />
			<Add library="BulletDynamics" />
			<Add library="BulletCollision" />
			<Add library="LinearMath" />
			<Add library="freetype" />
			<Add library="enet" />
			<Add library="zlib" />
			<Add library="usb" />
			<Add library="boost_thread" />
			<Add library="avutil" />
			<Add library="ogg" />
			<Add library="cAudio" />
			<Add library="theora" />
			<Add library="theoraplayer" />
			<Add library="openal" />
			<Add library="vorbis" />
			<Add library="vorbisfile" />
			<Add library="GL" />
			<Add directory="../libs/angelscript" />
			<Add directory="../libs/ffmpeg/libavcodec" />
			<Add directory="../libs/ffmpeg/libavformat" />
			<Add directory="../libs/ffmpeg/libswscale" />
			<Add directory="../libs/ffmpeg/libavutil" />
			<Add directory="../libs/ffmpeg/libavdevice" />
			<Add directory="../libs/libtheora-1.1.1/lib" />
			<Add directory="../libs/cAudio23/cAudio/bin/gcc" />
			<Add directory="../libs/freetype-2.3.9/objs/.libs" />
			<Add directory="../libs/net/enet-1.2.1" />
			<Add directory="../libs/bullet3/src/BulletDynamics" />
			<Add directory="../libs/bullet3/src/BulletSoftBody" />
			<Add directory="../libs/bullet3/src/BulletCollision" />
			<Add directory="../libs/bullet3/src/LinearMath" />
			<Add directory="../libs/Compiled/Linux" />
			<Add directory="../libs/theoraplayer/bin/Linux" />
			<Add directory="../libs/net/irrNetLite21" />
			<Add directory="../libs/RecastNavigation/DebugUtils/" />
			<Add directory="../libs/RecastNavigation/Recast" />
			<Add directory="../libs/RecastNavigation/DetourCrowd" />
			<Add directory="../libs/RecastNavigation/DetourTileCache" />
			<Add directory="../libs/RecastNavigation/Detour" />
			<Add directory="../libs/libIrrOpenSteer_10-02-15/lib" />
			<Add directory="./entities/AI/recast/DebugUtils/Include/" />
			<Add directory="../libs/assimp-git/lib" />
			<Add directory="../libs/zlib-1.2.3" />
			<Add directory="../libs/cAudio23/bin/gcc" />
			<Add directory="../libs/libtheoraplayer/src/.libs" />
		</Linker>
		<Unit filename="DevLoop.h" />
		<Unit filename="Equipment/Rifle.cpp" />
		<Unit filename="Equipment/Rifle.h" />
		<Unit filename="Equipment/firstPersonWeapon.cpp" />
		<Unit filename="Equipment/firstPersonWeapon.h" />
		<Unit filename="Events/Events.cpp" />
		<Unit filename="Events/Events.h" />
		<Unit filename="Events/InGameEventReceiver.cpp" />
		<Unit filename="Events/InGameEventReceiver.h" />
		<Unit filename="GAME/RACING/racer/keys.pys" />
		<Unit filename="GAME/RACING/racer/main.pys" />
		<Unit filename="GAME/functions-list.pys" />
		<Unit filename="GUI/CHUD.h" />
		<Unit filename="GUI/CodeEditor/CGUIEditBoxIRB.cpp" />
		<Unit filename="GUI/CodeEditor/CGUIEditBoxIRB.h" />
		<Unit filename="GUI/Font/CGUITTFont.cpp" />
		<Unit filename="GUI/Font/CGUITTFont.h" />
		<Unit filename="GUI/Math/SCalcExpr.cpp" />
		<Unit filename="GUI/Math/SCalcExpr.h" />
		<Unit filename="GUI/Video/CAudioInterface_OpenAL.cpp" />
		<Unit filename="GUI/Video/CAudioInterface_OpenAL.h" />
		<Unit filename="GUI/Video/CVideoMaster.cpp" />
		<Unit filename="GUI/Video/CVideoMaster.h" />
		<Unit filename="GUI/cImage2D.h" />
		<Unit filename="GUI/compass/Compass.cpp" />
		<Unit filename="GUI/compass/Compass.h" />
		<Unit filename="Input/Compress/Compress.cpp" />
		<Unit filename="Input/Compress/Compress.h" />
		<Unit filename="Input/Controllers/StringTools.cpp" />
		<Unit filename="Input/Controllers/wii/input.cpp" />
		<Unit filename="Input/Controllers/wii/libcwiid/bluetooth.c">
			<Option compilerVar="CC" />
		</Unit>
		<Unit filename="Input/Controllers/wii/libcwiid/command.c">
			<Option compilerVar="CC" />
		</Unit>
		<Unit filename="Input/Controllers/wii/libcwiid/connect.c">
			<Option compilerVar="CC" />
		</Unit>
		<Unit filename="Input/Controllers/wii/libcwiid/cwiid.h" />
		<Unit filename="Input/Controllers/wii/libcwiid/cwiid_internal.h" />
		<Unit filename="Input/Controllers/wii/libcwiid/interface.c">
			<Option compilerVar="CC" />
		</Unit>
		<Unit filename="Input/Controllers/wii/libcwiid/process.c">
			<Option compilerVar="CC" />
		</Unit>
		<Unit filename="Input/Controllers/wii/libcwiid/state.c">
			<Option compilerVar="CC" />
		</Unit>
		<Unit filename="Input/Controllers/wii/libcwiid/thread.c">
			<Option compilerVar="CC" />
		</Unit>
		<Unit filename="Input/Controllers/wii/libcwiid/util.c">
			<Option compilerVar="CC" />
		</Unit>
		<Unit filename="Input/Model/IrrAssimp/IrrAssimp.cpp" />
		<Unit filename="Input/Model/IrrAssimp/IrrAssimp.h" />
		<Unit filename="Input/Model/IrrAssimp/IrrAssimpExport.cpp" />
		<Unit filename="Input/Model/IrrAssimp/IrrAssimpExport.h" />
		<Unit filename="Input/Model/IrrAssimp/IrrAssimpImport.cpp" />
		<Unit filename="Input/Model/IrrAssimp/IrrAssimpImport.h" />
		<Unit filename="Input/Model/blender/BulletBlendReader.cpp" />
		<Unit filename="Input/Model/blender/BulletBlendReader.h" />
		<Unit filename="Input/Model/blender/BulletBlendReaderNew.cpp" />
		<Unit filename="Input/Model/blender/BulletBlendReaderNew.h" />
		<Unit filename="Input/Model/blender/BulletIrrlichtUtils.cpp" />
		<Unit filename="Input/Model/blender/BulletIrrlichtUtils.h" />
		<Unit filename="Input/Model/blender/IrrBlend.cpp" />
		<Unit filename="Input/Model/blender/IrrBlend.h" />
		<Unit filename="Input/Model/blender/IrrBlendNew.cpp" />
		<Unit filename="Input/Model/blender/IrrBlendNew.h" />
		<Unit filename="Input/Model/blender/abs-file.h" />
		<Unit filename="Input/Model/blender/bBlenderFile.cpp" />
		<Unit filename="Input/Model/blender/bBlenderFile.h" />
		<Unit filename="Input/Model/blender/bChunk.cpp" />
		<Unit filename="Input/Model/blender/bChunk.h" />
		<Unit filename="Input/Model/blender/bCommon.h" />
		<Unit filename="Input/Model/blender/bDNA.cpp" />
		<Unit filename="Input/Model/blender/bDNA.h" />
		<Unit filename="Input/Model/blender/bDefines.h" />
		<Unit filename="Input/Model/blender/bFile.cpp" />
		<Unit filename="Input/Model/blender/bFile.h" />
		<Unit filename="Input/Model/blender/bLog.cpp" />
		<Unit filename="Input/Model/blender/bLog.h" />
		<Unit filename="Input/Model/blender/bMain.cpp" />
		<Unit filename="Input/Model/blender/bMain.h" />
		<Unit filename="Input/Model/blender/blenderUp.h" />
		<Unit filename="Input/Model/blender/blendtype.h" />
		<Unit filename="Input/Model/blender/dna249-64bit.cpp" />
		<Unit filename="Input/Model/blender/dna249.cpp" />
		<Unit filename="Input/Model/blender/irrBlenderReader.depend" />
		<Unit filename="Input/Model/blender/readblend.h" />
		<Unit filename="Luna.cpp" />
		<Unit filename="Luna.h" />
		<Unit filename="LunaLobby.cpp" />
		<Unit filename="Main.cpp" />
		<Unit filename="MainLoop.h" />
		<Unit filename="Net/CGUIChatBox.cpp" />
		<Unit filename="Net/CGUIChatBox.h" />
		<Unit filename="Net/IRRc/Application.cpp" />
		<Unit filename="Net/IRRc/Application.h" />
		<Unit filename="Net/IRRc/botFuncts.h" />
		<Unit filename="Net/IRRc/gui/Gui.h" />
		<Unit filename="Net/irrNetClient.cpp" />
		<Unit filename="Net/irrNetClient.h" />
		<Unit filename="Net/irrNetServer.cpp" />
		<Unit filename="Net/irrNetServer.h" />
		<Unit filename="Physics/Collision.cpp" />
		<Unit filename="Physics/Collision.hpp" />
		<Unit filename="Physics/Physics.cpp" />
		<Unit filename="Physics/Physics.h" />
		<Unit filename="Physics/Ragdoll.cpp" />
		<Unit filename="Physics/Ragdoll.h" />
		<Unit filename="Physics/SoftBody.cpp" />
		<Unit filename="Physics/Vehicle.cpp" />
		<Unit filename="Physics/Vehicle.h" />
		<Unit filename="Physics/missile.cpp" />
		<Unit filename="Scene/ATMOsphere.cpp" />
		<Unit filename="Scene/BoltSceneNode.cpp" />
		<Unit filename="Scene/BoltSceneNode.h" />
		<Unit filename="Scene/CBeamSceneNode.cpp" />
		<Unit filename="Scene/CBeamSceneNode.h" />
		<Unit filename="Scene/Elevator.cpp" />
		<Unit filename="Scene/Elevator.hpp" />
		<Unit filename="Scene/Flag/CFlagSceneNode.cpp" />
		<Unit filename="Scene/Flag/CFlagSceneNode.h" />
		<Unit filename="Scene/Flag/CWindGen.h" />
		<Unit filename="Scene/Flag/SimpleFlag.h" />
		<Unit filename="Scene/Obstacle.cpp" />
		<Unit filename="Scene/Obstacle.hpp" />
		<Unit filename="Scene/PostProcessing/CEffectPostProc.cpp" />
		<Unit filename="Scene/PostProcessing/CEffectPostProc.h" />
		<Unit filename="Scene/PostProcessing/CLensFlarePostProc.cpp" />
		<Unit filename="Scene/PostProcessing/CLensFlarePostProc.h" />
		<Unit filename="Scene/PostProcessing/CRendererPostProc.cpp" />
		<Unit filename="Scene/PostProcessing/CRendererPostProc.h" />
		<Unit filename="Scene/PostProcessing/CShaderCallbacks.h" />
		<Unit filename="Scene/PostProcessing/CSplitPostProc.cpp" />
		<Unit filename="Scene/PostProcessing/CSplitPostProc.h" />
		<Unit filename="Scene/PostProcessing/CTransitionPostProc.cpp" />
		<Unit filename="Scene/PostProcessing/CTransitionPostProc.h" />
		<Unit filename="Scene/PostProcessing/CWaterPostProc.cpp" />
		<Unit filename="Scene/PostProcessing/CWaterPostProc.h" />
		<Unit filename="Scene/PostProcessing/IPostProc.cpp" />
		<Unit filename="Scene/PostProcessing/IPostProc.h" />
		<Unit filename="Scene/PostProcessing/main.cpp" />
		<Unit filename="Scene/PostProcessing/shaders.h" />
		<Unit filename="Scene/RainMan.h" />
		<Unit filename="Scene/RealisticWater.cpp" />
		<Unit filename="Scene/RealisticWater.h" />
		<Unit filename="Scene/RibbonTrailSceneNode/RibbonTrailSceneNode.cpp" />
		<Unit filename="Scene/RibbonTrailSceneNode/RibbonTrailSceneNode.h" />
		<Unit filename="Scene/SPARK/SPK.h" />
		<Unit filename="Scene/SPARK/SPK_All.cpp" />
		<Unit filename="Scene/SPARK/SPK_IRR.h" />
		<Unit filename="Scene/SPARK/SPK_IRR_ALL.cpp" />
		<Unit filename="Scene/Scene.cpp" />
		<Unit filename="Scene/Scene.h" />
		<Unit filename="Scene/ShaderFactory.cpp" />
		<Unit filename="Scene/ShaderFactory.h" />
		<Unit filename="Scene/boids/BoidSceneNode.cpp" />
		<Unit filename="Scene/boids/BoidSceneNode.h" />
		<Unit filename="Scene/boids/Flock.cpp" />
		<Unit filename="Scene/boids/Flock.h" />
		<Unit filename="Scene/decalManager/CBatchingMesh.cpp" />
		<Unit filename="Scene/decalManager/CBatchingMesh.h" />
		<Unit filename="Scene/decalManager/DecalManager.cpp" />
		<Unit filename="Scene/decalManager/DecalManager.h" />
		<Unit filename="Scene/decalManager/DecalSceneNode.cpp" />
		<Unit filename="Scene/decalManager/DecalSceneNode.h" />
		<Unit filename="Scene/decals/decalscenenode.cpp" />
		<Unit filename="Scene/decals/decalscenenode.h" />
		<Unit filename="Scene/flares/CLensFlareSceneNode.cpp" />
		<Unit filename="Scene/flares/CLensFlareSceneNode.h" />
		<Unit filename="Scene/flares/ILensFlareSceneNode.h" />
		<Unit filename="Scene/flares/LensFlareSceneNode.cpp" />
		<Unit filename="Scene/flares/LensFlareSceneNode.h" />
		<Unit filename="Scene/flares/SceneNodeAnimatorFollowCamera.cpp" />
		<Unit filename="Scene/flares/SceneNodeAnimatorFollowCamera.h" />
		<Unit filename="Scene/occlusion/OcclusionCulling.cpp" />
		<Unit filename="Scene/occlusion/OcclusionCulling.h" />
		<Unit filename="Scene/occlusion/Renderer.cpp" />
		<Unit filename="Scene/occlusion/Renderer.h" />
		<Unit filename="Scene/particles.h" />
		<Unit filename="Scene/spriteManager/BmFont.cpp" />
		<Unit filename="Scene/spriteManager/BmFont.h" />
		<Unit filename="Scene/spriteManager/ParticleSystem.cpp" />
		<Unit filename="Scene/spriteManager/ParticleSystem.h" />
		<Unit filename="Scene/spriteManager/PathFinder.cpp" />
		<Unit filename="Scene/spriteManager/PathFinder.h" />
		<Unit filename="Scene/spriteManager/Sprite.cpp" />
		<Unit filename="Scene/spriteManager/Sprite.h" />
		<Unit filename="Scene/spriteManager/SpriteManager.cpp" />
		<Unit filename="Scene/spriteManager/SpriteManager.h" />
		<Unit filename="Scene/spriteManager/Util.h" />
		<Unit filename="Scene/spriteManager/main.cpp" />
		<Unit filename="Scene/tesselatedImage/tesselatedImage.cpp" />
		<Unit filename="Scene/tesselatedImage/tesselatedImage.h" />
		<Unit filename="Scripting/Environmental.h" />
		<Unit filename="Scripting/PY_Physics.h" />
		<Unit filename="Scripting/PyCamera.h" />
		<Unit filename="Scripting/PyExtras.h" />
		<Unit filename="Scripting/PyFunctions.h" />
		<Unit filename="Scripting/PyGUI.h" />
		<Unit filename="Scripting/PyInput.h" />
		<Unit filename="Scripting/PyMAIN.h" />
		<Unit filename="Scripting/PyScene.h" />
		<Unit filename="Scripting/PythonManager.h" />
		<Unit filename="TerrainFactory/CloudSceneNode/CCloudSceneNode.cpp" />
		<Unit filename="TerrainFactory/CloudSceneNode/CCloudSceneNode.h" />
		<Unit filename="TerrainFactory/ProceduralTrees/CBillboardGroupSceneNode.cpp" />
		<Unit filename="TerrainFactory/ProceduralTrees/CTreeGenerator.cpp" />
		<Unit filename="TerrainFactory/ProceduralTrees/CTreeSceneNode.cpp" />
		<Unit filename="TerrainFactory/Terrain.cpp" />
		<Unit filename="TerrainFactory/Terrain.h" />
		<Unit filename="TerrainFactory/WaterNode/CReflectedWater.cpp" />
		<Unit filename="TerrainFactory/WaterNode/CReflectedWater.h" />
		<Unit filename="TerrainFactory/WaterNode/CReflectedWater_ShaderCode.h" />
		<Unit filename="TerrainFactory/open-simplex-noise.c">
			<Option compilerVar="CC" />
		</Unit>
		<Unit filename="TerrainFactory/open-simplex-noise.h" />
		<Unit filename="TerrainFactory/realCloud/CloudSceneNode.cpp" />
		<Unit filename="TerrainFactory/realCloud/CloudSceneNode.h" />
		<Unit filename="TidBits.cpp" />
		<Unit filename="entities/AI/miNav/main.cpp" />
		<Unit filename="entities/AI/miNav/miNav.cpp" />
		<Unit filename="entities/AI/miNav/miNav.h" />
		<Unit filename="entities/AI/recast/DebugUtils/Source/DebugDraw.cpp" />
		<Unit filename="entities/AI/recast/DebugUtils/Source/RecastDebugDraw.cpp" />
		<Unit filename="entities/AI/recast/DebugUtils/Source/RecastDump.cpp" />
		<Unit filename="entities/AI/recast/Detour/Include/DetourAlloc.h" />
		<Unit filename="entities/AI/recast/Detour/Include/DetourAssert.h" />
		<Unit filename="entities/AI/recast/Detour/Include/DetourCommon.h" />
		<Unit filename="entities/AI/recast/Detour/Include/DetourNavMesh.h" />
		<Unit filename="entities/AI/recast/Detour/Include/DetourNavMeshBuilder.h" />
		<Unit filename="entities/AI/recast/Detour/Include/DetourNavMeshQuery.h" />
		<Unit filename="entities/AI/recast/Detour/Include/DetourNode.h" />
		<Unit filename="entities/AI/recast/Detour/Include/DetourStatus.h" />
		<Unit filename="entities/AI/recast/Detour/Source/DetourAlloc.cpp" />
		<Unit filename="entities/AI/recast/Detour/Source/DetourCommon.cpp" />
		<Unit filename="entities/AI/recast/Detour/Source/DetourNavMesh.cpp" />
		<Unit filename="entities/AI/recast/Detour/Source/DetourNavMeshBuilder.cpp" />
		<Unit filename="entities/AI/recast/Detour/Source/DetourNavMeshQuery.cpp" />
		<Unit filename="entities/AI/recast/Detour/Source/DetourNode.cpp" />
		<Unit filename="entities/AI/recast/Recast/Source/Recast.cpp" />
		<Unit filename="entities/AI/recast/Recast/Source/RecastAlloc.cpp" />
		<Unit filename="entities/AI/recast/Recast/Source/RecastArea.cpp" />
		<Unit filename="entities/AI/recast/Recast/Source/RecastContour.cpp" />
		<Unit filename="entities/AI/recast/Recast/Source/RecastFilter.cpp" />
		<Unit filename="entities/AI/recast/Recast/Source/RecastLayers.cpp" />
		<Unit filename="entities/AI/recast/Recast/Source/RecastMesh.cpp" />
		<Unit filename="entities/AI/recast/Recast/Source/RecastMeshDetail.cpp" />
		<Unit filename="entities/AI/recast/Recast/Source/RecastRasterization.cpp" />
		<Unit filename="entities/AI/recast/Recast/Source/RecastRegion.cpp" />
		<Unit filename="entities/AI/recast/RecastDemo/Source/PerfTimer.cpp" />
		<Unit filename="entities/AI/recast/RecastDemo/Source/SampleInterfaces.cpp" />
		<Unit filename="entities/AI/recast_util.cpp" />
		<Unit filename="entities/AI/recast_util.h" />
		<Unit filename="entities/AI/recastmain.cpp" />
		<Unit filename="entities/OpenSteer/cMeshTool.cpp" />
		<Unit filename="entities/OpenSteer/cMeshTool.h" />
		<Unit filename="entities/OpenSteer/cOpenSteerDemo.cpp" />
		<Unit filename="entities/OpenSteer/cOpenSteerDemo.h" />
		<Unit filename="entities/OpenSteer/plugins/1-OneTurning/cOneTurning.cpp" />
		<Unit filename="entities/OpenSteer/plugins/1-OneTurning/cOneTurning.h" />
		<Unit filename="entities/OpenSteer/plugins/1-OneTurning/cOneTurningPlugIn.cpp" />
		<Unit filename="entities/OpenSteer/plugins/1-OneTurning/cOneTurningPlugIn.h" />
		<Unit filename="entities/OpenSteer/plugins/2-LowSpeedTurn/cLowSpeedTurn.cpp" />
		<Unit filename="entities/OpenSteer/plugins/2-LowSpeedTurn/cLowSpeedTurn.h" />
		<Unit filename="entities/OpenSteer/plugins/2-LowSpeedTurn/cLowSpeedTurnPlugIn.cpp" />
		<Unit filename="entities/OpenSteer/plugins/2-LowSpeedTurn/cLowSpeedTurnPlugIn.h" />
		<Unit filename="entities/OpenSteer/plugins/3-Boids/cBoids.cpp" />
		<Unit filename="entities/OpenSteer/plugins/3-Boids/cBoids.h" />
		<Unit filename="entities/OpenSteer/plugins/3-Boids/cBoidsPlugIn.cpp" />
		<Unit filename="entities/OpenSteer/plugins/3-Boids/cBoidsPlugIn.h" />
		<Unit filename="entities/OpenSteer/plugins/4-MultiplePursuit/cMultiplePursuit.cpp" />
		<Unit filename="entities/OpenSteer/plugins/4-MultiplePursuit/cMultiplePursuit.h" />
		<Unit filename="entities/OpenSteer/plugins/4-MultiplePursuit/cMultiplePursuitPlugIn.cpp" />
		<Unit filename="entities/OpenSteer/plugins/4-MultiplePursuit/cMultiplePursuitPlugIn.h" />
		<Unit filename="entities/OpenSteer/plugins/5-Soccer/cSoccer.cpp" />
		<Unit filename="entities/OpenSteer/plugins/5-Soccer/cSoccer.h" />
		<Unit filename="entities/OpenSteer/plugins/5-Soccer/cSoccerPlugIn.cpp" />
		<Unit filename="entities/OpenSteer/plugins/5-Soccer/cSoccerPlugIn.h" />
		<Unit filename="entities/OpenSteer/plugins/6-Pedestrian/cPedestrian.cpp" />
		<Unit filename="entities/OpenSteer/plugins/6-Pedestrian/cPedestrian.h" />
		<Unit filename="entities/OpenSteer/plugins/6-Pedestrian/cPedestrianPlugIn.cpp" />
		<Unit filename="entities/OpenSteer/plugins/6-Pedestrian/cPedestrianPlugIn.h" />
		<Unit filename="entities/OpenSteer/plugins/7-PedestriansWalkingAnEight/cPedestriansWalkingAnEight.cpp" />
		<Unit filename="entities/OpenSteer/plugins/7-PedestriansWalkingAnEight/cPedestriansWalkingAnEight.h" />
		<Unit filename="entities/OpenSteer/plugins/7-PedestriansWalkingAnEight/cPedestriansWalkingAnEightPlugIn.cpp" />
		<Unit filename="entities/OpenSteer/plugins/7-PedestriansWalkingAnEight/cPedestriansWalkingAnEightPlugIn.h" />
		<Unit filename="entities/OpenSteer/plugins/8-CaptureTheFlag/cCaptureTheFlag.cpp" />
		<Unit filename="entities/OpenSteer/plugins/8-CaptureTheFlag/cCaptureTheFlag.h" />
		<Unit filename="entities/OpenSteer/plugins/8-CaptureTheFlag/cCaptureTheFlagPlugIn.cpp" />
		<Unit filename="entities/OpenSteer/plugins/8-CaptureTheFlag/cCaptureTheFlagPlugIn.h" />
		<Unit filename="entities/OpenSteer/plugins/9-MapDrive/cMapDrive.cpp" />
		<Unit filename="entities/OpenSteer/plugins/9-MapDrive/cMapDrive.h" />
		<Unit filename="entities/OpenSteer/plugins/9-MapDrive/cMapDrivePlugIn.cpp" />
		<Unit filename="entities/OpenSteer/plugins/9-MapDrive/cMapDrivePlugIn.h" />
		<Unit filename="entities/chopper_control.cpp" />
		<Unit filename="entities/chopper_control.h" />
		<Unit filename="entities/player.cpp" />
		<Unit filename="entities/player.h" />
		<Unit filename="entities/skeleton/BMaths.cpp" />
		<Unit filename="entities/skeleton/BMaths.h" />
		<Unit filename="entities/skeleton/Skeleton.cpp" />
		<Unit filename="entities/skeleton/Skeleton.h" />
		<Extensions>
			<code_completion />
			<debugger />
			<envvars />
			<DoxyBlocks>
				<comment_style block="0" line="0" />
				<doxyfile_project />
				<doxyfile_build />
				<doxyfile_warnings />
				<doxyfile_output />
				<doxyfile_dot />
				<general />
			</DoxyBlocks>
		</Extensions>
	</Project>
</CodeBlocks_project_file>
